// !$*UTF8*$!
{
	archiveVersion = 1;
	classes = {
	};
	objectVersion = 48;
	objects = {

/* Begin PBXBuildFile section */
		6F0EAF572031B66100FA1CBB /* UIColorExtension.swift in Sources */ = {isa = PBXBuildFile; fileRef = 6F0EAF512031B66100FA1CBB /* UIColorExtension.swift */; };
		6F0EAF582031B66100FA1CBB /* OverLayView.swift in Sources */ = {isa = PBXBuildFile; fileRef = 6F0EAF522031B66100FA1CBB /* OverLayView.swift */; };
		6F0EAF592031B66100FA1CBB /* KYButtonCells.swift in Sources */ = {isa = PBXBuildFile; fileRef = 6F0EAF532031B66100FA1CBB /* KYButtonCells.swift */; };
		6F0EAF5A2031B66100FA1CBB /* ButtonLayer.swift in Sources */ = {isa = PBXBuildFile; fileRef = 6F0EAF542031B66100FA1CBB /* ButtonLayer.swift */; };
		6F0EAF5B2031B66100FA1CBB /* KYButtonDelegate.swift in Sources */ = {isa = PBXBuildFile; fileRef = 6F0EAF552031B66100FA1CBB /* KYButtonDelegate.swift */; };
		6F0EAF5C2031B66100FA1CBB /* KYButton.swift in Sources */ = {isa = PBXBuildFile; fileRef = 6F0EAF562031B66100FA1CBB /* KYButton.swift */; };
		6F0EAF5E2031B67700FA1CBB /* ScrollingFollowView.swift in Sources */ = {isa = PBXBuildFile; fileRef = 6F0EAF5D2031B67700FA1CBB /* ScrollingFollowView.swift */; };
		6F0EAF602031B6AE00FA1CBB /* TableViewCell.swift in Sources */ = {isa = PBXBuildFile; fileRef = 6F0EAF5F2031B6AE00FA1CBB /* TableViewCell.swift */; };
		6F0EAF622031B6CF00FA1CBB /* ProfileTableViewController.swift in Sources */ = {isa = PBXBuildFile; fileRef = 6F0EAF612031B6CF00FA1CBB /* ProfileTableViewController.swift */; };
		6F0EAF642031E49000FA1CBB /* Stories.swift in Sources */ = {isa = PBXBuildFile; fileRef = 6F0EAF632031E49000FA1CBB /* Stories.swift */; };
		6F0EAFD62031E85600FA1CBB /* Montserrat-MediumItalic.otf in Resources */ = {isa = PBXBuildFile; fileRef = 6F0EAFBD2031E81E00FA1CBB /* Montserrat-MediumItalic.otf */; };
		6F0EAFD72031E85600FA1CBB /* Montserrat-Bold.otf in Resources */ = {isa = PBXBuildFile; fileRef = 6F0EAFC22031E81F00FA1CBB /* Montserrat-Bold.otf */; };
		6F0EAFD82031E85600FA1CBB /* Montserrat-BlackItalic.otf in Resources */ = {isa = PBXBuildFile; fileRef = 6F0EAFCA2031E82000FA1CBB /* Montserrat-BlackItalic.otf */; };
		6F0EAFD92031E85600FA1CBB /* SIL Open Font License.txt in Resources */ = {isa = PBXBuildFile; fileRef = 6F0EAFC82031E82000FA1CBB /* SIL Open Font License.txt */; };
		6F0EAFDA2031E85600FA1CBB /* MontserratAlternates-Black.otf in Resources */ = {isa = PBXBuildFile; fileRef = 6F0EAFCD2031E82100FA1CBB /* MontserratAlternates-Black.otf */; };
		6F0EAFDB2031E85600FA1CBB /* MontserratAlternates-LightItalic.otf in Resources */ = {isa = PBXBuildFile; fileRef = 6F0EAFB32031E81C00FA1CBB /* MontserratAlternates-LightItalic.otf */; };
		6F0EAFDC2031E85600FA1CBB /* MontserratAlternates-Medium.otf in Resources */ = {isa = PBXBuildFile; fileRef = 6F0EAFB22031E81C00FA1CBB /* MontserratAlternates-Medium.otf */; };
		6F0EAFDD2031E85600FA1CBB /* Montserrat-BoldItalic.otf in Resources */ = {isa = PBXBuildFile; fileRef = 6F0EAFC12031E81F00FA1CBB /* Montserrat-BoldItalic.otf */; };
		6F0EAFDE2031E85600FA1CBB /* Montserrat-Light.otf in Resources */ = {isa = PBXBuildFile; fileRef = 6F0EAFB42031E81C00FA1CBB /* Montserrat-Light.otf */; };
		6F0EAFDF2031E85600FA1CBB /* Montserrat-ThinItalic.otf in Resources */ = {isa = PBXBuildFile; fileRef = 6F0EAFC62031E82000FA1CBB /* Montserrat-ThinItalic.otf */; };
		6F0EAFE02031E85600FA1CBB /* Montserrat-Thin.otf in Resources */ = {isa = PBXBuildFile; fileRef = 6F0EAFBA2031E81D00FA1CBB /* Montserrat-Thin.otf */; };
		6F0EAFE12031E85600FA1CBB /* MontserratAlternates-MediumItalic.otf in Resources */ = {isa = PBXBuildFile; fileRef = 6F0EAFB82031E81D00FA1CBB /* MontserratAlternates-MediumItalic.otf */; };
		6F0EAFE22031E85600FA1CBB /* Montserrat-ExtraLight.otf in Resources */ = {isa = PBXBuildFile; fileRef = 6F0EAFCF2031E82100FA1CBB /* Montserrat-ExtraLight.otf */; };
		6F0EAFE32031E85600FA1CBB /* MontserratAlternates-BlackItalic.otf in Resources */ = {isa = PBXBuildFile; fileRef = 6F0EAFB52031E81C00FA1CBB /* MontserratAlternates-BlackItalic.otf */; };
		6F0EAFE42031E85600FA1CBB /* MontserratAlternates-Bold.otf in Resources */ = {isa = PBXBuildFile; fileRef = 6F0EAFC32031E81F00FA1CBB /* MontserratAlternates-Bold.otf */; };
		6F0EAFE52031E85600FA1CBB /* MontserratAlternates-ExtraLightItalic.otf in Resources */ = {isa = PBXBuildFile; fileRef = 6F0EAFBB2031E81E00FA1CBB /* MontserratAlternates-ExtraLightItalic.otf */; };
		6F0EAFE62031E85600FA1CBB /* MontserratAlternates-Thin.otf in Resources */ = {isa = PBXBuildFile; fileRef = 6F0EAFBC2031E81E00FA1CBB /* MontserratAlternates-Thin.otf */; };
		6F0EAFE72031E85600FA1CBB /* Montserrat-LightItalic.otf in Resources */ = {isa = PBXBuildFile; fileRef = 6F0EAFB62031E81D00FA1CBB /* Montserrat-LightItalic.otf */; };
		6F0EAFE82031E85600FA1CBB /* Montserrat-Medium.otf in Resources */ = {isa = PBXBuildFile; fileRef = 6F0EAFD02031E82100FA1CBB /* Montserrat-Medium.otf */; };
		6F0EAFE92031E85600FA1CBB /* MontserratAlternates-SemiBoldItalic.otf in Resources */ = {isa = PBXBuildFile; fileRef = 6F0EAFC92031E82000FA1CBB /* MontserratAlternates-SemiBoldItalic.otf */; };
		6F0EAFEA2031E85600FA1CBB /* Montserrat-SemiBoldItalic.otf in Resources */ = {isa = PBXBuildFile; fileRef = 6F0EAFC52031E81F00FA1CBB /* Montserrat-SemiBoldItalic.otf */; };
		6F0EAFEB2031E85600FA1CBB /* Montserrat-ExtraBoldItalic.otf in Resources */ = {isa = PBXBuildFile; fileRef = 6F0EAFD32031E82200FA1CBB /* Montserrat-ExtraBoldItalic.otf */; };
		6F0EAFEC2031E85600FA1CBB /* Montserrat-Italic.otf in Resources */ = {isa = PBXBuildFile; fileRef = 6F0EAFD42031E82200FA1CBB /* Montserrat-Italic.otf */; };
		6F0EAFED2031E85600FA1CBB /* MontserratAlternates-SemiBold.otf in Resources */ = {isa = PBXBuildFile; fileRef = 6F0EAFBE2031E81E00FA1CBB /* MontserratAlternates-SemiBold.otf */; };
		6F0EAFEE2031E85600FA1CBB /* Montserrat-Regular.otf in Resources */ = {isa = PBXBuildFile; fileRef = 6F0EAFC02031E81F00FA1CBB /* Montserrat-Regular.otf */; };
		6F0EAFEF2031E85600FA1CBB /* MontserratAlternates-ExtraBold.otf in Resources */ = {isa = PBXBuildFile; fileRef = 6F0EAFD22031E82200FA1CBB /* MontserratAlternates-ExtraBold.otf */; };
		6F0EAFF02031E85600FA1CBB /* MontserratAlternates-BoldItalic.otf in Resources */ = {isa = PBXBuildFile; fileRef = 6F0EAFC72031E82000FA1CBB /* MontserratAlternates-BoldItalic.otf */; };
		6F0EAFF12031E85600FA1CBB /* Montserrat-ExtraBold.otf in Resources */ = {isa = PBXBuildFile; fileRef = 6F0EAFCE2031E82100FA1CBB /* Montserrat-ExtraBold.otf */; };
		6F0EAFF22031E85600FA1CBB /* Montserrat-ExtraLightItalic.otf in Resources */ = {isa = PBXBuildFile; fileRef = 6F0EAFBF2031E81E00FA1CBB /* Montserrat-ExtraLightItalic.otf */; };
		6F0EAFF32031E85600FA1CBB /* MontserratAlternates-Light.otf in Resources */ = {isa = PBXBuildFile; fileRef = 6F0EAFD12031E82100FA1CBB /* MontserratAlternates-Light.otf */; };
		6F0EAFF42031E85600FA1CBB /* MontserratAlternates-ExtraLight.otf in Resources */ = {isa = PBXBuildFile; fileRef = 6F0EAFD52031E82200FA1CBB /* MontserratAlternates-ExtraLight.otf */; };
		6F0EAFF52031E85600FA1CBB /* MontserratAlternates-Regular.otf in Resources */ = {isa = PBXBuildFile; fileRef = 6F0EAFC42031E81F00FA1CBB /* MontserratAlternates-Regular.otf */; };
		6F0EAFF62031E85600FA1CBB /* MontserratAlternates-ThinItalic.otf in Resources */ = {isa = PBXBuildFile; fileRef = 6F0EAFB12031E81C00FA1CBB /* MontserratAlternates-ThinItalic.otf */; };
		6F0EAFF72031E85600FA1CBB /* Montserrat-Black.otf in Resources */ = {isa = PBXBuildFile; fileRef = 6F0EAFCB2031E82000FA1CBB /* Montserrat-Black.otf */; };
		6F0EAFF82031E85600FA1CBB /* MontserratAlternates-ExtraBoldItalic.otf in Resources */ = {isa = PBXBuildFile; fileRef = 6F0EAFB92031E81D00FA1CBB /* MontserratAlternates-ExtraBoldItalic.otf */; };
		6F0EAFF92031E85600FA1CBB /* MontserratAlternates-Italic.otf in Resources */ = {isa = PBXBuildFile; fileRef = 6F0EAFCC2031E82100FA1CBB /* MontserratAlternates-Italic.otf */; };
		6F0EAFFA2031E85600FA1CBB /* Montserrat-SemiBold.otf in Resources */ = {isa = PBXBuildFile; fileRef = 6F0EAFB72031E81D00FA1CBB /* Montserrat-SemiBold.otf */; };
		6F52050D203490E700167CEA /* StoryCollectionViewController.swift in Sources */ = {isa = PBXBuildFile; fileRef = 6F52050C203490E700167CEA /* StoryCollectionViewController.swift */; };
		6F5205102034912400167CEA /* StoryCollectionViewCell.swift in Sources */ = {isa = PBXBuildFile; fileRef = 6F52050F2034912400167CEA /* StoryCollectionViewCell.swift */; };
		6F520512203495BA00167CEA /* StoryCreateViewController.swift in Sources */ = {isa = PBXBuildFile; fileRef = 6F520511203495BA00167CEA /* StoryCreateViewController.swift */; };
		6F69CA21203DBE6B007CCDA6 /* Animals.swift in Sources */ = {isa = PBXBuildFile; fileRef = 6F69CA20203DBE6B007CCDA6 /* Animals.swift */; };
		6F69CA23203DBE76007CCDA6 /* Elements.swift in Sources */ = {isa = PBXBuildFile; fileRef = 6F69CA22203DBE76007CCDA6 /* Elements.swift */; };
		6F69CA2B203EEB6C007CCDA6 /* DetailStoryCollectionViewCell.swift in Sources */ = {isa = PBXBuildFile; fileRef = 6F69CA2A203EEB6C007CCDA6 /* DetailStoryCollectionViewCell.swift */; };
		6F69CA2D203EED0E007CCDA6 /* DetailStoryViewController.swift in Sources */ = {isa = PBXBuildFile; fileRef = 6F69CA2C203EED0E007CCDA6 /* DetailStoryViewController.swift */; };
		6F69CA2F203EF325007CCDA6 /* Switcher.swift in Sources */ = {isa = PBXBuildFile; fileRef = 6F69CA2E203EF325007CCDA6 /* Switcher.swift */; };
		6F69CA30203F1160007CCDA6 /* InitialViewController.xib in Resources */ = {isa = PBXBuildFile; fileRef = 6FF5E00F202C9DFD0071EDCC /* InitialViewController.xib */; };
		6F69CA31203F116A007CCDA6 /* PasswordViewController.xib in Resources */ = {isa = PBXBuildFile; fileRef = 6FF5E00D202C9DFD0071EDCC /* PasswordViewController.xib */; };
		6F69CA32203F116E007CCDA6 /* LoginViewControllerCoordinator.xib in Resources */ = {isa = PBXBuildFile; fileRef = 6FF5E00E202C9DFD0071EDCC /* LoginViewControllerCoordinator.xib */; };
		6F69CA33203F1171007CCDA6 /* SignupViewController.xib in Resources */ = {isa = PBXBuildFile; fileRef = 6FF5E011202C9DFD0071EDCC /* SignupViewController.xib */; };
		6FB7A70D203F23B9001D0183 /* exhibitionRow.swift in Sources */ = {isa = PBXBuildFile; fileRef = 6FB7A70C203F23B9001D0183 /* exhibitionRow.swift */; };
		6FB7A70F203F2438001D0183 /* eventsRow.swift in Sources */ = {isa = PBXBuildFile; fileRef = 6FB7A70E203F2438001D0183 /* eventsRow.swift */; };
		6FB7A711203F24A5001D0183 /* Continents.swift in Sources */ = {isa = PBXBuildFile; fileRef = 6FB7A710203F24A5001D0183 /* Continents.swift */; };
		6FB7A713203F2B81001D0183 /* exhibitionCollectionCell.swift in Sources */ = {isa = PBXBuildFile; fileRef = 6FB7A712203F2B81001D0183 /* exhibitionCollectionCell.swift */; };
		6FB7A715203F2B94001D0183 /* eventsCollectionCell.swift in Sources */ = {isa = PBXBuildFile; fileRef = 6FB7A714203F2B94001D0183 /* eventsCollectionCell.swift */; };
		6FE2CB8F203CAE2F00437100 /* InformationViewController.swift in Sources */ = {isa = PBXBuildFile; fileRef = 6FE2CB8E203CAE2F00437100 /* InformationViewController.swift */; };
		6FE2CB93203CAE4C00437100 /* continentsCollectionCell.swift in Sources */ = {isa = PBXBuildFile; fileRef = 6FE2CB91203CAE4C00437100 /* continentsCollectionCell.swift */; };
		6FE2CB94203CAE4C00437100 /* AnimalsRow.swift in Sources */ = {isa = PBXBuildFile; fileRef = 6FE2CB92203CAE4C00437100 /* AnimalsRow.swift */; };
		6FE2CB96203D875D00437100 /* AnimalListViewController.swift in Sources */ = {isa = PBXBuildFile; fileRef = 6FE2CB95203D875D00437100 /* AnimalListViewController.swift */; };
		6FF5DFFA202C9DB70071EDCC /* AppDelegate.swift in Sources */ = {isa = PBXBuildFile; fileRef = 6FF5DFF9202C9DB70071EDCC /* AppDelegate.swift */; };
		6FF5DFFC202C9DB70071EDCC /* LoginViewController.swift in Sources */ = {isa = PBXBuildFile; fileRef = 6FF5DFFB202C9DB70071EDCC /* LoginViewController.swift */; };
		6FF5DFFF202C9DB70071EDCC /* Main.storyboard in Resources */ = {isa = PBXBuildFile; fileRef = 6FF5DFFD202C9DB70071EDCC /* Main.storyboard */; };
		6FF5E001202C9DB70071EDCC /* Assets.xcassets in Resources */ = {isa = PBXBuildFile; fileRef = 6FF5E000202C9DB70071EDCC /* Assets.xcassets */; };
		6FF5E004202C9DB70071EDCC /* LaunchScreen.storyboard in Resources */ = {isa = PBXBuildFile; fileRef = 6FF5E002202C9DB70071EDCC /* LaunchScreen.storyboard */; };
		6FF5E02A202C9DFD0071EDCC /* Montserrat-Light.otf in Resources */ = {isa = PBXBuildFile; fileRef = 6FF5E00C202C9DFD0071EDCC /* Montserrat-Light.otf */; };
		6FF5E02E202C9DFE0071EDCC /* Montserrat-Regular.ttf in Resources */ = {isa = PBXBuildFile; fileRef = 6FF5E010202C9DFD0071EDCC /* Montserrat-Regular.ttf */; };
		6FF5E030202C9DFE0071EDCC /* ChangePasswordViewController.xib in Resources */ = {isa = PBXBuildFile; fileRef = 6FF5E012202C9DFD0071EDCC /* ChangePasswordViewController.xib */; };
		6FF5E031202C9DFE0071EDCC /* User.swift in Sources */ = {isa = PBXBuildFile; fileRef = 6FF5E014202C9DFD0071EDCC /* User.swift */; };
		6FF5E032202C9DFE0071EDCC /* Requests.swift in Sources */ = {isa = PBXBuildFile; fileRef = 6FF5E016202C9DFD0071EDCC /* Requests.swift */; };
		6FF5E033202C9DFE0071EDCC /* Responses.swift in Sources */ = {isa = PBXBuildFile; fileRef = 6FF5E017202C9DFD0071EDCC /* Responses.swift */; };
		6FF5E034202C9DFE0071EDCC /* GradientImageView.swift in Sources */ = {isa = PBXBuildFile; fileRef = 6FF5E019202C9DFD0071EDCC /* GradientImageView.swift */; };
		6FF5E035202C9DFE0071EDCC /* SkyFloatingLabelTextField.swift in Sources */ = {isa = PBXBuildFile; fileRef = 6FF5E01A202C9DFD0071EDCC /* SkyFloatingLabelTextField.swift */; };
		6FF5E036202C9DFE0071EDCC /* KeyboardMover.swift in Sources */ = {isa = PBXBuildFile; fileRef = 6FF5E01B202C9DFD0071EDCC /* KeyboardMover.swift */; };
		6FF5E037202C9DFE0071EDCC /* BackgroundMover.swift in Sources */ = {isa = PBXBuildFile; fileRef = 6FF5E01C202C9DFD0071EDCC /* BackgroundMover.swift */; };
		6FF5E038202C9DFE0071EDCC /* LoginCoordinator.swift in Sources */ = {isa = PBXBuildFile; fileRef = 6FF5E01D202C9DFD0071EDCC /* LoginCoordinator.swift */; };
		6FF5E039202C9DFE0071EDCC /* ChangePasswordViewController.swift in Sources */ = {isa = PBXBuildFile; fileRef = 6FF5E01E202C9DFD0071EDCC /* ChangePasswordViewController.swift */; };
		6FF5E03A202C9DFE0071EDCC /* Buttn.swift in Sources */ = {isa = PBXBuildFile; fileRef = 6FF5E01F202C9DFD0071EDCC /* Buttn.swift */; };
		6FF5E03B202C9DFE0071EDCC /* PasswordViewController.swift in Sources */ = {isa = PBXBuildFile; fileRef = 6FF5E020202C9DFD0071EDCC /* PasswordViewController.swift */; };
		6FF5E03C202C9DFE0071EDCC /* InitialViewController.swift in Sources */ = {isa = PBXBuildFile; fileRef = 6FF5E021202C9DFD0071EDCC /* InitialViewController.swift */; };
		6FF5E03D202C9DFE0071EDCC /* UITextField+fixCaretPosition.swift in Sources */ = {isa = PBXBuildFile; fileRef = 6FF5E022202C9DFD0071EDCC /* UITextField+fixCaretPosition.swift */; };
		6FF5E03E202C9DFE0071EDCC /* ValidatorService.swift in Sources */ = {isa = PBXBuildFile; fileRef = 6FF5E023202C9DFD0071EDCC /* ValidatorService.swift */; };
		6FF5E03F202C9DFE0071EDCC /* SingupViewController.swift in Sources */ = {isa = PBXBuildFile; fileRef = 6FF5E024202C9DFD0071EDCC /* SingupViewController.swift */; };
		6FF5E040202C9DFE0071EDCC /* LoginViewControllerCoordinator.swift in Sources */ = {isa = PBXBuildFile; fileRef = 6FF5E025202C9DFD0071EDCC /* LoginViewControllerCoordinator.swift */; };
		6FF5E041202C9DFE0071EDCC /* CrossDissolveAnimation.swift in Sources */ = {isa = PBXBuildFile; fileRef = 6FF5E026202C9DFD0071EDCC /* CrossDissolveAnimation.swift */; };
		6FF5E042202C9DFE0071EDCC /* UIViewController+Nib.swift in Sources */ = {isa = PBXBuildFile; fileRef = 6FF5E027202C9DFD0071EDCC /* UIViewController+Nib.swift */; };
		6FF5E043202C9DFE0071EDCC /* FacebookService.swift in Sources */ = {isa = PBXBuildFile; fileRef = 6FF5E028202C9DFD0071EDCC /* FacebookService.swift */; };
		6FF5E044202C9DFE0071EDCC /* SkyFloatingLabelTextFieldWithIcon.swift in Sources */ = {isa = PBXBuildFile; fileRef = 6FF5E029202C9DFD0071EDCC /* SkyFloatingLabelTextFieldWithIcon.swift */; };
		6FF5E04B202C9EA70071EDCC /* appTools.swift in Sources */ = {isa = PBXBuildFile; fileRef = 6FF5E049202C9EA60071EDCC /* appTools.swift */; };
		6FF5E04C202C9EA70071EDCC /* MiLoginCoordinator.swift in Sources */ = {isa = PBXBuildFile; fileRef = 6FF5E04A202C9EA70071EDCC /* MiLoginCoordinator.swift */; };
		7403B66D3FB27543B7B06D5A /* Pods_renovacionARZoo.framework in Frameworks */ = {isa = PBXBuildFile; fileRef = 30A8C11827EB7A39D2D6C787 /* Pods_renovacionARZoo.framework */; };
/* End PBXBuildFile section */

/* Begin PBXFileReference section */
		30A8C11827EB7A39D2D6C787 /* Pods_renovacionARZoo.framework */ = {isa = PBXFileReference; explicitFileType = wrapper.framework; includeInIndex = 0; path = Pods_renovacionARZoo.framework; sourceTree = BUILT_PRODUCTS_DIR; };
		64BBC777931664F71D4F4B6D /* Pods-renovacionARZoo.release.xcconfig */ = {isa = PBXFileReference; includeInIndex = 1; lastKnownFileType = text.xcconfig; name = "Pods-renovacionARZoo.release.xcconfig"; path = "Pods/Target Support Files/Pods-renovacionARZoo/Pods-renovacionARZoo.release.xcconfig"; sourceTree = "<group>"; };
		6F0EAF512031B66100FA1CBB /* UIColorExtension.swift */ = {isa = PBXFileReference; fileEncoding = 4; lastKnownFileType = sourcecode.swift; path = UIColorExtension.swift; sourceTree = "<group>"; };
		6F0EAF522031B66100FA1CBB /* OverLayView.swift */ = {isa = PBXFileReference; fileEncoding = 4; lastKnownFileType = sourcecode.swift; path = OverLayView.swift; sourceTree = "<group>"; };
		6F0EAF532031B66100FA1CBB /* KYButtonCells.swift */ = {isa = PBXFileReference; fileEncoding = 4; lastKnownFileType = sourcecode.swift; path = KYButtonCells.swift; sourceTree = "<group>"; };
		6F0EAF542031B66100FA1CBB /* ButtonLayer.swift */ = {isa = PBXFileReference; fileEncoding = 4; lastKnownFileType = sourcecode.swift; path = ButtonLayer.swift; sourceTree = "<group>"; };
		6F0EAF552031B66100FA1CBB /* KYButtonDelegate.swift */ = {isa = PBXFileReference; fileEncoding = 4; lastKnownFileType = sourcecode.swift; path = KYButtonDelegate.swift; sourceTree = "<group>"; };
		6F0EAF562031B66100FA1CBB /* KYButton.swift */ = {isa = PBXFileReference; fileEncoding = 4; lastKnownFileType = sourcecode.swift; path = KYButton.swift; sourceTree = "<group>"; };
		6F0EAF5D2031B67700FA1CBB /* ScrollingFollowView.swift */ = {isa = PBXFileReference; fileEncoding = 4; lastKnownFileType = sourcecode.swift; path = ScrollingFollowView.swift; sourceTree = "<group>"; };
		6F0EAF5F2031B6AE00FA1CBB /* TableViewCell.swift */ = {isa = PBXFileReference; fileEncoding = 4; lastKnownFileType = sourcecode.swift; path = TableViewCell.swift; sourceTree = "<group>"; };
		6F0EAF612031B6CF00FA1CBB /* ProfileTableViewController.swift */ = {isa = PBXFileReference; fileEncoding = 4; lastKnownFileType = sourcecode.swift; path = ProfileTableViewController.swift; sourceTree = "<group>"; };
		6F0EAF632031E49000FA1CBB /* Stories.swift */ = {isa = PBXFileReference; lastKnownFileType = sourcecode.swift; path = Stories.swift; sourceTree = "<group>"; };
		6F0EAFB12031E81C00FA1CBB /* MontserratAlternates-ThinItalic.otf */ = {isa = PBXFileReference; lastKnownFileType = file; path = "MontserratAlternates-ThinItalic.otf"; sourceTree = "<group>"; };
		6F0EAFB22031E81C00FA1CBB /* MontserratAlternates-Medium.otf */ = {isa = PBXFileReference; lastKnownFileType = file; path = "MontserratAlternates-Medium.otf"; sourceTree = "<group>"; };
		6F0EAFB32031E81C00FA1CBB /* MontserratAlternates-LightItalic.otf */ = {isa = PBXFileReference; lastKnownFileType = file; path = "MontserratAlternates-LightItalic.otf"; sourceTree = "<group>"; };
		6F0EAFB42031E81C00FA1CBB /* Montserrat-Light.otf */ = {isa = PBXFileReference; lastKnownFileType = file; path = "Montserrat-Light.otf"; sourceTree = "<group>"; };
		6F0EAFB52031E81C00FA1CBB /* MontserratAlternates-BlackItalic.otf */ = {isa = PBXFileReference; lastKnownFileType = file; path = "MontserratAlternates-BlackItalic.otf"; sourceTree = "<group>"; };
		6F0EAFB62031E81D00FA1CBB /* Montserrat-LightItalic.otf */ = {isa = PBXFileReference; lastKnownFileType = file; path = "Montserrat-LightItalic.otf"; sourceTree = "<group>"; };
		6F0EAFB72031E81D00FA1CBB /* Montserrat-SemiBold.otf */ = {isa = PBXFileReference; lastKnownFileType = file; path = "Montserrat-SemiBold.otf"; sourceTree = "<group>"; };
		6F0EAFB82031E81D00FA1CBB /* MontserratAlternates-MediumItalic.otf */ = {isa = PBXFileReference; lastKnownFileType = file; path = "MontserratAlternates-MediumItalic.otf"; sourceTree = "<group>"; };
		6F0EAFB92031E81D00FA1CBB /* MontserratAlternates-ExtraBoldItalic.otf */ = {isa = PBXFileReference; lastKnownFileType = file; path = "MontserratAlternates-ExtraBoldItalic.otf"; sourceTree = "<group>"; };
		6F0EAFBA2031E81D00FA1CBB /* Montserrat-Thin.otf */ = {isa = PBXFileReference; lastKnownFileType = file; path = "Montserrat-Thin.otf"; sourceTree = "<group>"; };
		6F0EAFBB2031E81E00FA1CBB /* MontserratAlternates-ExtraLightItalic.otf */ = {isa = PBXFileReference; lastKnownFileType = file; path = "MontserratAlternates-ExtraLightItalic.otf"; sourceTree = "<group>"; };
		6F0EAFBC2031E81E00FA1CBB /* MontserratAlternates-Thin.otf */ = {isa = PBXFileReference; lastKnownFileType = file; path = "MontserratAlternates-Thin.otf"; sourceTree = "<group>"; };
		6F0EAFBD2031E81E00FA1CBB /* Montserrat-MediumItalic.otf */ = {isa = PBXFileReference; lastKnownFileType = file; path = "Montserrat-MediumItalic.otf"; sourceTree = "<group>"; };
		6F0EAFBE2031E81E00FA1CBB /* MontserratAlternates-SemiBold.otf */ = {isa = PBXFileReference; lastKnownFileType = file; path = "MontserratAlternates-SemiBold.otf"; sourceTree = "<group>"; };
		6F0EAFBF2031E81E00FA1CBB /* Montserrat-ExtraLightItalic.otf */ = {isa = PBXFileReference; lastKnownFileType = file; path = "Montserrat-ExtraLightItalic.otf"; sourceTree = "<group>"; };
		6F0EAFC02031E81F00FA1CBB /* Montserrat-Regular.otf */ = {isa = PBXFileReference; lastKnownFileType = file; path = "Montserrat-Regular.otf"; sourceTree = "<group>"; };
		6F0EAFC12031E81F00FA1CBB /* Montserrat-BoldItalic.otf */ = {isa = PBXFileReference; lastKnownFileType = file; path = "Montserrat-BoldItalic.otf"; sourceTree = "<group>"; };
		6F0EAFC22031E81F00FA1CBB /* Montserrat-Bold.otf */ = {isa = PBXFileReference; lastKnownFileType = file; path = "Montserrat-Bold.otf"; sourceTree = "<group>"; };
		6F0EAFC32031E81F00FA1CBB /* MontserratAlternates-Bold.otf */ = {isa = PBXFileReference; lastKnownFileType = file; path = "MontserratAlternates-Bold.otf"; sourceTree = "<group>"; };
		6F0EAFC42031E81F00FA1CBB /* MontserratAlternates-Regular.otf */ = {isa = PBXFileReference; lastKnownFileType = file; path = "MontserratAlternates-Regular.otf"; sourceTree = "<group>"; };
		6F0EAFC52031E81F00FA1CBB /* Montserrat-SemiBoldItalic.otf */ = {isa = PBXFileReference; lastKnownFileType = file; path = "Montserrat-SemiBoldItalic.otf"; sourceTree = "<group>"; };
		6F0EAFC62031E82000FA1CBB /* Montserrat-ThinItalic.otf */ = {isa = PBXFileReference; lastKnownFileType = file; path = "Montserrat-ThinItalic.otf"; sourceTree = "<group>"; };
		6F0EAFC72031E82000FA1CBB /* MontserratAlternates-BoldItalic.otf */ = {isa = PBXFileReference; lastKnownFileType = file; path = "MontserratAlternates-BoldItalic.otf"; sourceTree = "<group>"; };
		6F0EAFC82031E82000FA1CBB /* SIL Open Font License.txt */ = {isa = PBXFileReference; lastKnownFileType = text; path = "SIL Open Font License.txt"; sourceTree = "<group>"; };
		6F0EAFC92031E82000FA1CBB /* MontserratAlternates-SemiBoldItalic.otf */ = {isa = PBXFileReference; lastKnownFileType = file; path = "MontserratAlternates-SemiBoldItalic.otf"; sourceTree = "<group>"; };
		6F0EAFCA2031E82000FA1CBB /* Montserrat-BlackItalic.otf */ = {isa = PBXFileReference; lastKnownFileType = file; path = "Montserrat-BlackItalic.otf"; sourceTree = "<group>"; };
		6F0EAFCB2031E82000FA1CBB /* Montserrat-Black.otf */ = {isa = PBXFileReference; lastKnownFileType = file; path = "Montserrat-Black.otf"; sourceTree = "<group>"; };
		6F0EAFCC2031E82100FA1CBB /* MontserratAlternates-Italic.otf */ = {isa = PBXFileReference; lastKnownFileType = file; path = "MontserratAlternates-Italic.otf"; sourceTree = "<group>"; };
		6F0EAFCD2031E82100FA1CBB /* MontserratAlternates-Black.otf */ = {isa = PBXFileReference; lastKnownFileType = file; path = "MontserratAlternates-Black.otf"; sourceTree = "<group>"; };
		6F0EAFCE2031E82100FA1CBB /* Montserrat-ExtraBold.otf */ = {isa = PBXFileReference; lastKnownFileType = file; path = "Montserrat-ExtraBold.otf"; sourceTree = "<group>"; };
		6F0EAFCF2031E82100FA1CBB /* Montserrat-ExtraLight.otf */ = {isa = PBXFileReference; lastKnownFileType = file; path = "Montserrat-ExtraLight.otf"; sourceTree = "<group>"; };
		6F0EAFD02031E82100FA1CBB /* Montserrat-Medium.otf */ = {isa = PBXFileReference; lastKnownFileType = file; path = "Montserrat-Medium.otf"; sourceTree = "<group>"; };
		6F0EAFD12031E82100FA1CBB /* MontserratAlternates-Light.otf */ = {isa = PBXFileReference; lastKnownFileType = file; path = "MontserratAlternates-Light.otf"; sourceTree = "<group>"; };
		6F0EAFD22031E82200FA1CBB /* MontserratAlternates-ExtraBold.otf */ = {isa = PBXFileReference; lastKnownFileType = file; path = "MontserratAlternates-ExtraBold.otf"; sourceTree = "<group>"; };
		6F0EAFD32031E82200FA1CBB /* Montserrat-ExtraBoldItalic.otf */ = {isa = PBXFileReference; lastKnownFileType = file; path = "Montserrat-ExtraBoldItalic.otf"; sourceTree = "<group>"; };
		6F0EAFD42031E82200FA1CBB /* Montserrat-Italic.otf */ = {isa = PBXFileReference; lastKnownFileType = file; path = "Montserrat-Italic.otf"; sourceTree = "<group>"; };
		6F0EAFD52031E82200FA1CBB /* MontserratAlternates-ExtraLight.otf */ = {isa = PBXFileReference; lastKnownFileType = file; path = "MontserratAlternates-ExtraLight.otf"; sourceTree = "<group>"; };
		6F52050C203490E700167CEA /* StoryCollectionViewController.swift */ = {isa = PBXFileReference; lastKnownFileType = sourcecode.swift; path = StoryCollectionViewController.swift; sourceTree = "<group>"; };
		6F52050F2034912400167CEA /* StoryCollectionViewCell.swift */ = {isa = PBXFileReference; lastKnownFileType = sourcecode.swift; path = StoryCollectionViewCell.swift; sourceTree = "<group>"; };
		6F520511203495BA00167CEA /* StoryCreateViewController.swift */ = {isa = PBXFileReference; lastKnownFileType = sourcecode.swift; path = StoryCreateViewController.swift; sourceTree = "<group>"; };
		6F69CA20203DBE6B007CCDA6 /* Animals.swift */ = {isa = PBXFileReference; lastKnownFileType = sourcecode.swift; path = Animals.swift; sourceTree = "<group>"; };
		6F69CA22203DBE76007CCDA6 /* Elements.swift */ = {isa = PBXFileReference; lastKnownFileType = sourcecode.swift; path = Elements.swift; sourceTree = "<group>"; };
		6F69CA2A203EEB6C007CCDA6 /* DetailStoryCollectionViewCell.swift */ = {isa = PBXFileReference; lastKnownFileType = sourcecode.swift; path = DetailStoryCollectionViewCell.swift; sourceTree = "<group>"; };
		6F69CA2C203EED0E007CCDA6 /* DetailStoryViewController.swift */ = {isa = PBXFileReference; lastKnownFileType = sourcecode.swift; path = DetailStoryViewController.swift; sourceTree = "<group>"; };
		6F69CA2E203EF325007CCDA6 /* Switcher.swift */ = {isa = PBXFileReference; lastKnownFileType = sourcecode.swift; path = Switcher.swift; sourceTree = "<group>"; };
		6FB7A70C203F23B9001D0183 /* exhibitionRow.swift */ = {isa = PBXFileReference; lastKnownFileType = sourcecode.swift; path = exhibitionRow.swift; sourceTree = "<group>"; };
		6FB7A70E203F2438001D0183 /* eventsRow.swift */ = {isa = PBXFileReference; lastKnownFileType = sourcecode.swift; path = eventsRow.swift; sourceTree = "<group>"; };
		6FB7A710203F24A5001D0183 /* Continents.swift */ = {isa = PBXFileReference; lastKnownFileType = sourcecode.swift; path = Continents.swift; sourceTree = "<group>"; };
		6FB7A712203F2B81001D0183 /* exhibitionCollectionCell.swift */ = {isa = PBXFileReference; lastKnownFileType = sourcecode.swift; path = exhibitionCollectionCell.swift; sourceTree = "<group>"; };
		6FB7A714203F2B94001D0183 /* eventsCollectionCell.swift */ = {isa = PBXFileReference; lastKnownFileType = sourcecode.swift; path = eventsCollectionCell.swift; sourceTree = "<group>"; };
		6FE2CB8E203CAE2F00437100 /* InformationViewController.swift */ = {isa = PBXFileReference; lastKnownFileType = sourcecode.swift; path = InformationViewController.swift; sourceTree = "<group>"; };
		6FE2CB91203CAE4C00437100 /* continentsCollectionCell.swift */ = {isa = PBXFileReference; fileEncoding = 4; lastKnownFileType = sourcecode.swift; path = continentsCollectionCell.swift; sourceTree = "<group>"; };
		6FE2CB92203CAE4C00437100 /* AnimalsRow.swift */ = {isa = PBXFileReference; fileEncoding = 4; lastKnownFileType = sourcecode.swift; path = AnimalsRow.swift; sourceTree = "<group>"; };
		6FE2CB95203D875D00437100 /* AnimalListViewController.swift */ = {isa = PBXFileReference; lastKnownFileType = sourcecode.swift; path = AnimalListViewController.swift; sourceTree = "<group>"; };
		6FF5DFF6202C9DB70071EDCC /* renovacionARZoo.app */ = {isa = PBXFileReference; explicitFileType = wrapper.application; includeInIndex = 0; path = renovacionARZoo.app; sourceTree = BUILT_PRODUCTS_DIR; };
		6FF5DFF9202C9DB70071EDCC /* AppDelegate.swift */ = {isa = PBXFileReference; lastKnownFileType = sourcecode.swift; path = AppDelegate.swift; sourceTree = "<group>"; };
		6FF5DFFB202C9DB70071EDCC /* LoginViewController.swift */ = {isa = PBXFileReference; lastKnownFileType = sourcecode.swift; path = LoginViewController.swift; sourceTree = "<group>"; };
		6FF5DFFE202C9DB70071EDCC /* Base */ = {isa = PBXFileReference; lastKnownFileType = file.storyboard; name = Base; path = Base.lproj/Main.storyboard; sourceTree = "<group>"; };
		6FF5E000202C9DB70071EDCC /* Assets.xcassets */ = {isa = PBXFileReference; lastKnownFileType = folder.assetcatalog; path = Assets.xcassets; sourceTree = "<group>"; };
		6FF5E003202C9DB70071EDCC /* Base */ = {isa = PBXFileReference; lastKnownFileType = file.storyboard; name = Base; path = Base.lproj/LaunchScreen.storyboard; sourceTree = "<group>"; };
		6FF5E005202C9DB70071EDCC /* Info.plist */ = {isa = PBXFileReference; lastKnownFileType = text.plist.xml; path = Info.plist; sourceTree = "<group>"; };
		6FF5E00C202C9DFD0071EDCC /* Montserrat-Light.otf */ = {isa = PBXFileReference; lastKnownFileType = file; path = "Montserrat-Light.otf"; sourceTree = "<group>"; };
		6FF5E00D202C9DFD0071EDCC /* PasswordViewController.xib */ = {isa = PBXFileReference; fileEncoding = 4; lastKnownFileType = file.xib; path = PasswordViewController.xib; sourceTree = "<group>"; };
		6FF5E00E202C9DFD0071EDCC /* LoginViewControllerCoordinator.xib */ = {isa = PBXFileReference; fileEncoding = 4; lastKnownFileType = file.xib; path = LoginViewControllerCoordinator.xib; sourceTree = "<group>"; };
		6FF5E00F202C9DFD0071EDCC /* InitialViewController.xib */ = {isa = PBXFileReference; fileEncoding = 4; lastKnownFileType = file.xib; path = InitialViewController.xib; sourceTree = "<group>"; };
		6FF5E010202C9DFD0071EDCC /* Montserrat-Regular.ttf */ = {isa = PBXFileReference; lastKnownFileType = file; path = "Montserrat-Regular.ttf"; sourceTree = "<group>"; };
		6FF5E011202C9DFD0071EDCC /* SignupViewController.xib */ = {isa = PBXFileReference; fileEncoding = 4; lastKnownFileType = file.xib; path = SignupViewController.xib; sourceTree = "<group>"; };
		6FF5E012202C9DFD0071EDCC /* ChangePasswordViewController.xib */ = {isa = PBXFileReference; fileEncoding = 4; lastKnownFileType = file.xib; path = ChangePasswordViewController.xib; sourceTree = "<group>"; };
		6FF5E014202C9DFD0071EDCC /* User.swift */ = {isa = PBXFileReference; fileEncoding = 4; lastKnownFileType = sourcecode.swift; path = User.swift; sourceTree = "<group>"; };
		6FF5E016202C9DFD0071EDCC /* Requests.swift */ = {isa = PBXFileReference; fileEncoding = 4; lastKnownFileType = sourcecode.swift; path = Requests.swift; sourceTree = "<group>"; };
		6FF5E017202C9DFD0071EDCC /* Responses.swift */ = {isa = PBXFileReference; fileEncoding = 4; lastKnownFileType = sourcecode.swift; path = Responses.swift; sourceTree = "<group>"; };
		6FF5E019202C9DFD0071EDCC /* GradientImageView.swift */ = {isa = PBXFileReference; fileEncoding = 4; lastKnownFileType = sourcecode.swift; path = GradientImageView.swift; sourceTree = "<group>"; };
		6FF5E01A202C9DFD0071EDCC /* SkyFloatingLabelTextField.swift */ = {isa = PBXFileReference; fileEncoding = 4; lastKnownFileType = sourcecode.swift; path = SkyFloatingLabelTextField.swift; sourceTree = "<group>"; };
		6FF5E01B202C9DFD0071EDCC /* KeyboardMover.swift */ = {isa = PBXFileReference; fileEncoding = 4; lastKnownFileType = sourcecode.swift; path = KeyboardMover.swift; sourceTree = "<group>"; };
		6FF5E01C202C9DFD0071EDCC /* BackgroundMover.swift */ = {isa = PBXFileReference; fileEncoding = 4; lastKnownFileType = sourcecode.swift; path = BackgroundMover.swift; sourceTree = "<group>"; };
		6FF5E01D202C9DFD0071EDCC /* LoginCoordinator.swift */ = {isa = PBXFileReference; fileEncoding = 4; lastKnownFileType = sourcecode.swift; path = LoginCoordinator.swift; sourceTree = "<group>"; };
		6FF5E01E202C9DFD0071EDCC /* ChangePasswordViewController.swift */ = {isa = PBXFileReference; fileEncoding = 4; lastKnownFileType = sourcecode.swift; path = ChangePasswordViewController.swift; sourceTree = "<group>"; };
		6FF5E01F202C9DFD0071EDCC /* Buttn.swift */ = {isa = PBXFileReference; fileEncoding = 4; lastKnownFileType = sourcecode.swift; path = Buttn.swift; sourceTree = "<group>"; };
		6FF5E020202C9DFD0071EDCC /* PasswordViewController.swift */ = {isa = PBXFileReference; fileEncoding = 4; lastKnownFileType = sourcecode.swift; path = PasswordViewController.swift; sourceTree = "<group>"; };
		6FF5E021202C9DFD0071EDCC /* InitialViewController.swift */ = {isa = PBXFileReference; fileEncoding = 4; lastKnownFileType = sourcecode.swift; path = InitialViewController.swift; sourceTree = "<group>"; };
		6FF5E022202C9DFD0071EDCC /* UITextField+fixCaretPosition.swift */ = {isa = PBXFileReference; fileEncoding = 4; lastKnownFileType = sourcecode.swift; path = "UITextField+fixCaretPosition.swift"; sourceTree = "<group>"; };
		6FF5E023202C9DFD0071EDCC /* ValidatorService.swift */ = {isa = PBXFileReference; fileEncoding = 4; lastKnownFileType = sourcecode.swift; path = ValidatorService.swift; sourceTree = "<group>"; };
		6FF5E024202C9DFD0071EDCC /* SingupViewController.swift */ = {isa = PBXFileReference; fileEncoding = 4; lastKnownFileType = sourcecode.swift; path = SingupViewController.swift; sourceTree = "<group>"; };
		6FF5E025202C9DFD0071EDCC /* LoginViewControllerCoordinator.swift */ = {isa = PBXFileReference; fileEncoding = 4; lastKnownFileType = sourcecode.swift; path = LoginViewControllerCoordinator.swift; sourceTree = "<group>"; };
		6FF5E026202C9DFD0071EDCC /* CrossDissolveAnimation.swift */ = {isa = PBXFileReference; fileEncoding = 4; lastKnownFileType = sourcecode.swift; path = CrossDissolveAnimation.swift; sourceTree = "<group>"; };
		6FF5E027202C9DFD0071EDCC /* UIViewController+Nib.swift */ = {isa = PBXFileReference; fileEncoding = 4; lastKnownFileType = sourcecode.swift; path = "UIViewController+Nib.swift"; sourceTree = "<group>"; };
		6FF5E028202C9DFD0071EDCC /* FacebookService.swift */ = {isa = PBXFileReference; fileEncoding = 4; lastKnownFileType = sourcecode.swift; path = FacebookService.swift; sourceTree = "<group>"; };
		6FF5E029202C9DFD0071EDCC /* SkyFloatingLabelTextFieldWithIcon.swift */ = {isa = PBXFileReference; fileEncoding = 4; lastKnownFileType = sourcecode.swift; path = SkyFloatingLabelTextFieldWithIcon.swift; sourceTree = "<group>"; };
		6FF5E049202C9EA60071EDCC /* appTools.swift */ = {isa = PBXFileReference; lastKnownFileType = sourcecode.swift; path = appTools.swift; sourceTree = "<group>"; };
		6FF5E04A202C9EA70071EDCC /* MiLoginCoordinator.swift */ = {isa = PBXFileReference; lastKnownFileType = sourcecode.swift; path = MiLoginCoordinator.swift; sourceTree = "<group>"; };
		6FF5E057202CCBC30071EDCC /* ViewStoryViewController.swift */ = {isa = PBXFileReference; lastKnownFileType = sourcecode.swift; path = ViewStoryViewController.swift; sourceTree = "<group>"; };
		6FF5E058202CCBC30071EDCC /* CreateStoryViewController.swift */ = {isa = PBXFileReference; lastKnownFileType = sourcecode.swift; path = CreateStoryViewController.swift; sourceTree = "<group>"; };
		6FF5E059202CCBC30071EDCC /* ProfileViewController.swift */ = {isa = PBXFileReference; lastKnownFileType = sourcecode.swift; path = ProfileViewController.swift; sourceTree = "<group>"; };
		6FF5E05A202CCBC30071EDCC /* CellStory.swift */ = {isa = PBXFileReference; lastKnownFileType = sourcecode.swift; path = CellStory.swift; sourceTree = "<group>"; };
		CF5022227C5C36524736B8CF /* Pods-renovacionARZoo.debug.xcconfig */ = {isa = PBXFileReference; includeInIndex = 1; lastKnownFileType = text.xcconfig; name = "Pods-renovacionARZoo.debug.xcconfig"; path = "Pods/Target Support Files/Pods-renovacionARZoo/Pods-renovacionARZoo.debug.xcconfig"; sourceTree = "<group>"; };
/* End PBXFileReference section */

/* Begin PBXFrameworksBuildPhase section */
		6FF5DFF3202C9DB70071EDCC /* Frameworks */ = {
			isa = PBXFrameworksBuildPhase;
			buildActionMask = 2147483647;
			files = (
				7403B66D3FB27543B7B06D5A /* Pods_renovacionARZoo.framework in Frameworks */,
			);
			runOnlyForDeploymentPostprocessing = 0;
		};
/* End PBXFrameworksBuildPhase section */

/* Begin PBXGroup section */
		6F0EAF4F2031B5C100FA1CBB /* PerfilTableView */ = {
			isa = PBXGroup;
			children = (
				6F0EAF612031B6CF00FA1CBB /* ProfileTableViewController.swift */,
				6F0EAF5D2031B67700FA1CBB /* ScrollingFollowView.swift */,
				6F0EAF5F2031B6AE00FA1CBB /* TableViewCell.swift */,
			);
			path = PerfilTableView;
			sourceTree = "<group>";
		};
		6F0EAF502031B66100FA1CBB /* FloatingButton */ = {
			isa = PBXGroup;
			children = (
				6F0EAF512031B66100FA1CBB /* UIColorExtension.swift */,
				6F0EAF522031B66100FA1CBB /* OverLayView.swift */,
				6F0EAF532031B66100FA1CBB /* KYButtonCells.swift */,
				6F0EAF542031B66100FA1CBB /* ButtonLayer.swift */,
				6F0EAF552031B66100FA1CBB /* KYButtonDelegate.swift */,
				6F0EAF562031B66100FA1CBB /* KYButton.swift */,
			);
			path = FloatingButton;
			sourceTree = "<group>";
		};
		6F0EAFB02031E80500FA1CBB /* montserrat */ = {
			isa = PBXGroup;
			children = (
				6F0EAFBD2031E81E00FA1CBB /* Montserrat-MediumItalic.otf */,
				6F0EAFC22031E81F00FA1CBB /* Montserrat-Bold.otf */,
				6F0EAFCA2031E82000FA1CBB /* Montserrat-BlackItalic.otf */,
				6F0EAFC82031E82000FA1CBB /* SIL Open Font License.txt */,
				6F0EAFCD2031E82100FA1CBB /* MontserratAlternates-Black.otf */,
				6F0EAFB32031E81C00FA1CBB /* MontserratAlternates-LightItalic.otf */,
				6F0EAFB22031E81C00FA1CBB /* MontserratAlternates-Medium.otf */,
				6F0EAFC12031E81F00FA1CBB /* Montserrat-BoldItalic.otf */,
				6F0EAFB42031E81C00FA1CBB /* Montserrat-Light.otf */,
				6F0EAFC62031E82000FA1CBB /* Montserrat-ThinItalic.otf */,
				6F0EAFBA2031E81D00FA1CBB /* Montserrat-Thin.otf */,
				6F0EAFB82031E81D00FA1CBB /* MontserratAlternates-MediumItalic.otf */,
				6F0EAFCF2031E82100FA1CBB /* Montserrat-ExtraLight.otf */,
				6F0EAFB52031E81C00FA1CBB /* MontserratAlternates-BlackItalic.otf */,
				6F0EAFC32031E81F00FA1CBB /* MontserratAlternates-Bold.otf */,
				6F0EAFBB2031E81E00FA1CBB /* MontserratAlternates-ExtraLightItalic.otf */,
				6F0EAFBC2031E81E00FA1CBB /* MontserratAlternates-Thin.otf */,
				6F0EAFB62031E81D00FA1CBB /* Montserrat-LightItalic.otf */,
				6F0EAFD02031E82100FA1CBB /* Montserrat-Medium.otf */,
				6F0EAFC92031E82000FA1CBB /* MontserratAlternates-SemiBoldItalic.otf */,
				6F0EAFC52031E81F00FA1CBB /* Montserrat-SemiBoldItalic.otf */,
				6F0EAFD32031E82200FA1CBB /* Montserrat-ExtraBoldItalic.otf */,
				6F0EAFD42031E82200FA1CBB /* Montserrat-Italic.otf */,
				6F0EAFBE2031E81E00FA1CBB /* MontserratAlternates-SemiBold.otf */,
				6F0EAFC02031E81F00FA1CBB /* Montserrat-Regular.otf */,
				6F0EAFD22031E82200FA1CBB /* MontserratAlternates-ExtraBold.otf */,
				6F0EAFC72031E82000FA1CBB /* MontserratAlternates-BoldItalic.otf */,
				6F0EAFCE2031E82100FA1CBB /* Montserrat-ExtraBold.otf */,
				6F0EAFBF2031E81E00FA1CBB /* Montserrat-ExtraLightItalic.otf */,
				6F0EAFD12031E82100FA1CBB /* MontserratAlternates-Light.otf */,
				6F0EAFD52031E82200FA1CBB /* MontserratAlternates-ExtraLight.otf */,
				6F0EAFC42031E81F00FA1CBB /* MontserratAlternates-Regular.otf */,
				6F0EAFB12031E81C00FA1CBB /* MontserratAlternates-ThinItalic.otf */,
				6F0EAFCB2031E82000FA1CBB /* Montserrat-Black.otf */,
				6F0EAFB92031E81D00FA1CBB /* MontserratAlternates-ExtraBoldItalic.otf */,
				6F0EAFCC2031E82100FA1CBB /* MontserratAlternates-Italic.otf */,
				6F0EAFB72031E81D00FA1CBB /* Montserrat-SemiBold.otf */,
			);
			path = montserrat;
			sourceTree = "<group>";
		};
		6F52050E203490EF00167CEA /* StoryCollection */ = {
			isa = PBXGroup;
			children = (
				6F52050C203490E700167CEA /* StoryCollectionViewController.swift */,
				6F52050F2034912400167CEA /* StoryCollectionViewCell.swift */,
				6F520511203495BA00167CEA /* StoryCreateViewController.swift */,
				6F69CA2A203EEB6C007CCDA6 /* DetailStoryCollectionViewCell.swift */,
				6F69CA2C203EED0E007CCDA6 /* DetailStoryViewController.swift */,
			);
			path = StoryCollection;
			sourceTree = "<group>";
		};
		6FE2CB90203CAE3700437100 /* Information */ = {
			isa = PBXGroup;
			children = (
				6FE2CB8E203CAE2F00437100 /* InformationViewController.swift */,
				6FE2CB95203D875D00437100 /* AnimalListViewController.swift */,
				6FE2CB92203CAE4C00437100 /* AnimalsRow.swift */,
				6FB7A70C203F23B9001D0183 /* exhibitionRow.swift */,
				6FB7A70E203F2438001D0183 /* eventsRow.swift */,
				6FE2CB91203CAE4C00437100 /* continentsCollectionCell.swift */,
				6FB7A712203F2B81001D0183 /* exhibitionCollectionCell.swift */,
				6FB7A714203F2B94001D0183 /* eventsCollectionCell.swift */,
			);
			path = Information;
			sourceTree = "<group>";
		};
		6FF5DFED202C9DB70071EDCC = {
			isa = PBXGroup;
			children = (
				6FF5DFF8202C9DB70071EDCC /* renovacionARZoo */,
				6FF5DFF7202C9DB70071EDCC /* Products */,
				7961205302A3BF3022408A0E /* Pods */,
				8F6408A173A8E7D1A5202AC9 /* Frameworks */,
			);
			sourceTree = "<group>";
		};
		6FF5DFF7202C9DB70071EDCC /* Products */ = {
			isa = PBXGroup;
			children = (
				6FF5DFF6202C9DB70071EDCC /* renovacionARZoo.app */,
			);
			name = Products;
			sourceTree = "<group>";
		};
		6FF5DFF8202C9DB70071EDCC /* renovacionARZoo */ = {
			isa = PBXGroup;
			children = (
				6FE2CB90203CAE3700437100 /* Information */,
				6F0EAF502031B66100FA1CBB /* FloatingButton */,
				6FF5E013202C9DFD0071EDCC /* Clases */,
				6FF5E015202C9DFD0071EDCC /* Requests */,
				6FF5E00B202C9DFD0071EDCC /* Resources */,
				6FF5E056202CCBC30071EDCC /* Profile */,
				6FF5E018202C9DFD0071EDCC /* LOGINKIT */,
				6FF5E049202C9EA60071EDCC /* appTools.swift */,
				6FF5E04A202C9EA70071EDCC /* MiLoginCoordinator.swift */,
				6FF5DFF9202C9DB70071EDCC /* AppDelegate.swift */,
				6FF5DFFB202C9DB70071EDCC /* LoginViewController.swift */,
				6FF5DFFD202C9DB70071EDCC /* Main.storyboard */,
				6FF5E000202C9DB70071EDCC /* Assets.xcassets */,
				6FF5E002202C9DB70071EDCC /* LaunchScreen.storyboard */,
				6FF5E005202C9DB70071EDCC /* Info.plist */,
			);
			path = renovacionARZoo;
			sourceTree = "<group>";
		};
		6FF5E00B202C9DFD0071EDCC /* Resources */ = {
			isa = PBXGroup;
			children = (
				6F0EAFB02031E80500FA1CBB /* montserrat */,
				6FF5E00C202C9DFD0071EDCC /* Montserrat-Light.otf */,
				6FF5E00D202C9DFD0071EDCC /* PasswordViewController.xib */,
				6FF5E00E202C9DFD0071EDCC /* LoginViewControllerCoordinator.xib */,
				6FF5E00F202C9DFD0071EDCC /* InitialViewController.xib */,
				6FF5E010202C9DFD0071EDCC /* Montserrat-Regular.ttf */,
				6FF5E011202C9DFD0071EDCC /* SignupViewController.xib */,
				6FF5E012202C9DFD0071EDCC /* ChangePasswordViewController.xib */,
			);
			path = Resources;
			sourceTree = "<group>";
		};
		6FF5E013202C9DFD0071EDCC /* Clases */ = {
			isa = PBXGroup;
			children = (
				6FF5E014202C9DFD0071EDCC /* User.swift */,
				6F0EAF632031E49000FA1CBB /* Stories.swift */,
				6F69CA20203DBE6B007CCDA6 /* Animals.swift */,
				6F69CA22203DBE76007CCDA6 /* Elements.swift */,
				6FB7A710203F24A5001D0183 /* Continents.swift */,
			);
			path = Clases;
			sourceTree = "<group>";
		};
		6FF5E015202C9DFD0071EDCC /* Requests */ = {
			isa = PBXGroup;
			children = (
				6FF5E016202C9DFD0071EDCC /* Requests.swift */,
				6FF5E017202C9DFD0071EDCC /* Responses.swift */,
			);
			path = Requests;
			sourceTree = "<group>";
		};
		6FF5E018202C9DFD0071EDCC /* LOGINKIT */ = {
			isa = PBXGroup;
			children = (
				6FF5E019202C9DFD0071EDCC /* GradientImageView.swift */,
				6FF5E01A202C9DFD0071EDCC /* SkyFloatingLabelTextField.swift */,
				6FF5E01F202C9DFD0071EDCC /* Buttn.swift */,
				6FF5E01B202C9DFD0071EDCC /* KeyboardMover.swift */,
				6FF5E01C202C9DFD0071EDCC /* BackgroundMover.swift */,
				6FF5E01D202C9DFD0071EDCC /* LoginCoordinator.swift */,
				6FF5E021202C9DFD0071EDCC /* InitialViewController.swift */,
				6FF5E025202C9DFD0071EDCC /* LoginViewControllerCoordinator.swift */,
				6FF5E024202C9DFD0071EDCC /* SingupViewController.swift */,
				6FF5E020202C9DFD0071EDCC /* PasswordViewController.swift */,
				6FF5E01E202C9DFD0071EDCC /* ChangePasswordViewController.swift */,
				6FF5E022202C9DFD0071EDCC /* UITextField+fixCaretPosition.swift */,
				6FF5E023202C9DFD0071EDCC /* ValidatorService.swift */,
				6FF5E026202C9DFD0071EDCC /* CrossDissolveAnimation.swift */,
				6FF5E027202C9DFD0071EDCC /* UIViewController+Nib.swift */,
				6FF5E028202C9DFD0071EDCC /* FacebookService.swift */,
				6FF5E029202C9DFD0071EDCC /* SkyFloatingLabelTextFieldWithIcon.swift */,
			);
			path = LOGINKIT;
			sourceTree = "<group>";
		};
		6FF5E056202CCBC30071EDCC /* Profile */ = {
			isa = PBXGroup;
			children = (
				6F52050E203490EF00167CEA /* StoryCollection */,
				6F0EAF4F2031B5C100FA1CBB /* PerfilTableView */,
				6FF5E057202CCBC30071EDCC /* ViewStoryViewController.swift */,
				6FF5E058202CCBC30071EDCC /* CreateStoryViewController.swift */,
				6FF5E059202CCBC30071EDCC /* ProfileViewController.swift */,
				6FF5E05A202CCBC30071EDCC /* CellStory.swift */,
				6F69CA2E203EF325007CCDA6 /* Switcher.swift */,
			);
			path = Profile;
			sourceTree = "<group>";
		};
		7961205302A3BF3022408A0E /* Pods */ = {
			isa = PBXGroup;
			children = (
				CF5022227C5C36524736B8CF /* Pods-renovacionARZoo.debug.xcconfig */,
				64BBC777931664F71D4F4B6D /* Pods-renovacionARZoo.release.xcconfig */,
			);
			name = Pods;
			sourceTree = "<group>";
		};
		8F6408A173A8E7D1A5202AC9 /* Frameworks */ = {
			isa = PBXGroup;
			children = (
				30A8C11827EB7A39D2D6C787 /* Pods_renovacionARZoo.framework */,
			);
			name = Frameworks;
			sourceTree = "<group>";
		};
/* End PBXGroup section */

/* Begin PBXNativeTarget section */
		6FF5DFF5202C9DB70071EDCC /* renovacionARZoo */ = {
			isa = PBXNativeTarget;
			buildConfigurationList = 6FF5E008202C9DB70071EDCC /* Build configuration list for PBXNativeTarget "renovacionARZoo" */;
			buildPhases = (
				1405E559A61E408E6710F6FB /* [CP] Check Pods Manifest.lock */,
				6FF5DFF2202C9DB70071EDCC /* Sources */,
				6FF5DFF3202C9DB70071EDCC /* Frameworks */,
				6FF5DFF4202C9DB70071EDCC /* Resources */,
				8A719F319845E64386585E9E /* [CP] Embed Pods Frameworks */,
				6F04348C83D3EFB6A31892D9 /* [CP] Copy Pods Resources */,
			);
			buildRules = (
			);
			dependencies = (
			);
			name = renovacionARZoo;
			productName = renovacionARZoo;
			productReference = 6FF5DFF6202C9DB70071EDCC /* renovacionARZoo.app */;
			productType = "com.apple.product-type.application";
		};
/* End PBXNativeTarget section */

/* Begin PBXProject section */
		6FF5DFEE202C9DB70071EDCC /* Project object */ = {
			isa = PBXProject;
			attributes = {
				LastSwiftUpdateCheck = 0920;
				LastUpgradeCheck = 0920;
				ORGANIZATIONNAME = Kike;
				TargetAttributes = {
					6FF5DFF5202C9DB70071EDCC = {
						CreatedOnToolsVersion = 9.2;
						ProvisioningStyle = Automatic;
					};
				};
			};
			buildConfigurationList = 6FF5DFF1202C9DB70071EDCC /* Build configuration list for PBXProject "renovacionARZoo" */;
			compatibilityVersion = "Xcode 8.0";
			developmentRegion = en;
			hasScannedForEncodings = 0;
			knownRegions = (
				en,
				Base,
			);
			mainGroup = 6FF5DFED202C9DB70071EDCC;
			productRefGroup = 6FF5DFF7202C9DB70071EDCC /* Products */;
			projectDirPath = "";
			projectRoot = "";
			targets = (
				6FF5DFF5202C9DB70071EDCC /* renovacionARZoo */,
			);
		};
/* End PBXProject section */

/* Begin PBXResourcesBuildPhase section */
		6FF5DFF4202C9DB70071EDCC /* Resources */ = {
			isa = PBXResourcesBuildPhase;
			buildActionMask = 2147483647;
			files = (
				6F69CA33203F1171007CCDA6 /* SignupViewController.xib in Resources */,
				6F69CA32203F116E007CCDA6 /* LoginViewControllerCoordinator.xib in Resources */,
				6F69CA31203F116A007CCDA6 /* PasswordViewController.xib in Resources */,
				6F69CA30203F1160007CCDA6 /* InitialViewController.xib in Resources */,
				6F0EAFD62031E85600FA1CBB /* Montserrat-MediumItalic.otf in Resources */,
				6F0EAFD72031E85600FA1CBB /* Montserrat-Bold.otf in Resources */,
				6F0EAFD82031E85600FA1CBB /* Montserrat-BlackItalic.otf in Resources */,
				6F0EAFD92031E85600FA1CBB /* SIL Open Font License.txt in Resources */,
				6F0EAFDA2031E85600FA1CBB /* MontserratAlternates-Black.otf in Resources */,
				6F0EAFDB2031E85600FA1CBB /* MontserratAlternates-LightItalic.otf in Resources */,
				6F0EAFDC2031E85600FA1CBB /* MontserratAlternates-Medium.otf in Resources */,
				6F0EAFDD2031E85600FA1CBB /* Montserrat-BoldItalic.otf in Resources */,
				6F0EAFDE2031E85600FA1CBB /* Montserrat-Light.otf in Resources */,
				6F0EAFDF2031E85600FA1CBB /* Montserrat-ThinItalic.otf in Resources */,
				6F0EAFE02031E85600FA1CBB /* Montserrat-Thin.otf in Resources */,
				6F0EAFE12031E85600FA1CBB /* MontserratAlternates-MediumItalic.otf in Resources */,
				6F0EAFE22031E85600FA1CBB /* Montserrat-ExtraLight.otf in Resources */,
				6F0EAFE32031E85600FA1CBB /* MontserratAlternates-BlackItalic.otf in Resources */,
				6F0EAFE42031E85600FA1CBB /* MontserratAlternates-Bold.otf in Resources */,
				6F0EAFE52031E85600FA1CBB /* MontserratAlternates-ExtraLightItalic.otf in Resources */,
				6F0EAFE62031E85600FA1CBB /* MontserratAlternates-Thin.otf in Resources */,
				6F0EAFE72031E85600FA1CBB /* Montserrat-LightItalic.otf in Resources */,
				6F0EAFE82031E85600FA1CBB /* Montserrat-Medium.otf in Resources */,
				6F0EAFE92031E85600FA1CBB /* MontserratAlternates-SemiBoldItalic.otf in Resources */,
				6F0EAFEA2031E85600FA1CBB /* Montserrat-SemiBoldItalic.otf in Resources */,
				6F0EAFEB2031E85600FA1CBB /* Montserrat-ExtraBoldItalic.otf in Resources */,
				6F0EAFEC2031E85600FA1CBB /* Montserrat-Italic.otf in Resources */,
				6F0EAFED2031E85600FA1CBB /* MontserratAlternates-SemiBold.otf in Resources */,
				6F0EAFEE2031E85600FA1CBB /* Montserrat-Regular.otf in Resources */,
				6F0EAFEF2031E85600FA1CBB /* MontserratAlternates-ExtraBold.otf in Resources */,
				6F0EAFF02031E85600FA1CBB /* MontserratAlternates-BoldItalic.otf in Resources */,
				6F0EAFF12031E85600FA1CBB /* Montserrat-ExtraBold.otf in Resources */,
				6F0EAFF22031E85600FA1CBB /* Montserrat-ExtraLightItalic.otf in Resources */,
				6F0EAFF32031E85600FA1CBB /* MontserratAlternates-Light.otf in Resources */,
				6F0EAFF42031E85600FA1CBB /* MontserratAlternates-ExtraLight.otf in Resources */,
				6F0EAFF52031E85600FA1CBB /* MontserratAlternates-Regular.otf in Resources */,
				6F0EAFF62031E85600FA1CBB /* MontserratAlternates-ThinItalic.otf in Resources */,
				6F0EAFF72031E85600FA1CBB /* Montserrat-Black.otf in Resources */,
				6F0EAFF82031E85600FA1CBB /* MontserratAlternates-ExtraBoldItalic.otf in Resources */,
				6F0EAFF92031E85600FA1CBB /* MontserratAlternates-Italic.otf in Resources */,
				6F0EAFFA2031E85600FA1CBB /* Montserrat-SemiBold.otf in Resources */,
				6FF5E02E202C9DFE0071EDCC /* Montserrat-Regular.ttf in Resources */,
				6FF5E004202C9DB70071EDCC /* LaunchScreen.storyboard in Resources */,
				6FF5E030202C9DFE0071EDCC /* ChangePasswordViewController.xib in Resources */,
				6FF5E001202C9DB70071EDCC /* Assets.xcassets in Resources */,
				6FF5DFFF202C9DB70071EDCC /* Main.storyboard in Resources */,
				6FF5E02A202C9DFD0071EDCC /* Montserrat-Light.otf in Resources */,
			);
			runOnlyForDeploymentPostprocessing = 0;
		};
/* End PBXResourcesBuildPhase section */

/* Begin PBXShellScriptBuildPhase section */
		1405E559A61E408E6710F6FB /* [CP] Check Pods Manifest.lock */ = {
			isa = PBXShellScriptBuildPhase;
			buildActionMask = 2147483647;
			files = (
			);
			inputPaths = (
				"${PODS_PODFILE_DIR_PATH}/Podfile.lock",
				"${PODS_ROOT}/Manifest.lock",
			);
			name = "[CP] Check Pods Manifest.lock";
			outputPaths = (
				"$(DERIVED_FILE_DIR)/Pods-renovacionARZoo-checkManifestLockResult.txt",
			);
			runOnlyForDeploymentPostprocessing = 0;
			shellPath = /bin/sh;
			shellScript = "diff \"${PODS_PODFILE_DIR_PATH}/Podfile.lock\" \"${PODS_ROOT}/Manifest.lock\" > /dev/null\nif [ $? != 0 ] ; then\n    # print error to STDERR\n    echo \"error: The sandbox is not in sync with the Podfile.lock. Run 'pod install' or update your CocoaPods installation.\" >&2\n    exit 1\nfi\n# This output is used by Xcode 'outputs' to avoid re-running this script phase.\necho \"SUCCESS\" > \"${SCRIPT_OUTPUT_FILE_0}\"\n";
			showEnvVarsInLog = 0;
		};
		6F04348C83D3EFB6A31892D9 /* [CP] Copy Pods Resources */ = {
			isa = PBXShellScriptBuildPhase;
			buildActionMask = 2147483647;
			files = (
			);
			inputPaths = (
			);
			name = "[CP] Copy Pods Resources";
			outputPaths = (
			);
			runOnlyForDeploymentPostprocessing = 0;
			shellPath = /bin/sh;
			shellScript = "\"${SRCROOT}/Pods/Target Support Files/Pods-renovacionARZoo/Pods-renovacionARZoo-resources.sh\"\n";
			showEnvVarsInLog = 0;
		};
		8A719F319845E64386585E9E /* [CP] Embed Pods Frameworks */ = {
			isa = PBXShellScriptBuildPhase;
			buildActionMask = 2147483647;
			files = (
			);
			inputPaths = (
				"${SRCROOT}/Pods/Target Support Files/Pods-renovacionARZoo/Pods-renovacionARZoo-frameworks.sh",
				"${BUILT_PRODUCTS_DIR}/Alamofire/Alamofire.framework",
				"${BUILT_PRODUCTS_DIR}/AlamofireImage/AlamofireImage.framework",
				"${BUILT_PRODUCTS_DIR}/Bolts/Bolts.framework",
				"${BUILT_PRODUCTS_DIR}/Device/Device.framework",
				"${BUILT_PRODUCTS_DIR}/FBSDKCoreKit/FBSDKCoreKit.framework",
				"${BUILT_PRODUCTS_DIR}/FBSDKLoginKit/FBSDKLoginKit.framework",
				"${BUILT_PRODUCTS_DIR}/SkyFloatingLabelTextField/SkyFloatingLabelTextField.framework",
				"${BUILT_PRODUCTS_DIR}/Toaster/Toaster.framework",
				"${BUILT_PRODUCTS_DIR}/Validator/Validator.framework",
			);
			name = "[CP] Embed Pods Frameworks";
			outputPaths = (
				"${TARGET_BUILD_DIR}/${FRAMEWORKS_FOLDER_PATH}/Alamofire.framework",
				"${TARGET_BUILD_DIR}/${FRAMEWORKS_FOLDER_PATH}/AlamofireImage.framework",
				"${TARGET_BUILD_DIR}/${FRAMEWORKS_FOLDER_PATH}/Bolts.framework",
				"${TARGET_BUILD_DIR}/${FRAMEWORKS_FOLDER_PATH}/Device.framework",
				"${TARGET_BUILD_DIR}/${FRAMEWORKS_FOLDER_PATH}/FBSDKCoreKit.framework",
				"${TARGET_BUILD_DIR}/${FRAMEWORKS_FOLDER_PATH}/FBSDKLoginKit.framework",
				"${TARGET_BUILD_DIR}/${FRAMEWORKS_FOLDER_PATH}/SkyFloatingLabelTextField.framework",
				"${TARGET_BUILD_DIR}/${FRAMEWORKS_FOLDER_PATH}/Toaster.framework",
				"${TARGET_BUILD_DIR}/${FRAMEWORKS_FOLDER_PATH}/Validator.framework",
			);
			runOnlyForDeploymentPostprocessing = 0;
			shellPath = /bin/sh;
			shellScript = "\"${SRCROOT}/Pods/Target Support Files/Pods-renovacionARZoo/Pods-renovacionARZoo-frameworks.sh\"\n";
			showEnvVarsInLog = 0;
		};
/* End PBXShellScriptBuildPhase section */

/* Begin PBXSourcesBuildPhase section */
		6FF5DFF2202C9DB70071EDCC /* Sources */ = {
			isa = PBXSourcesBuildPhase;
			buildActionMask = 2147483647;
			files = (
				6FF5E040202C9DFE0071EDCC /* LoginViewControllerCoordinator.swift in Sources */,
				6FE2CB8F203CAE2F00437100 /* InformationViewController.swift in Sources */,
				6FE2CB94203CAE4C00437100 /* AnimalsRow.swift in Sources */,
				6FB7A715203F2B94001D0183 /* eventsCollectionCell.swift in Sources */,
				6F520512203495BA00167CEA /* StoryCreateViewController.swift in Sources */,
				6F0EAF582031B66100FA1CBB /* OverLayView.swift in Sources */,
				6F69CA2B203EEB6C007CCDA6 /* DetailStoryCollectionViewCell.swift in Sources */,
				6FF5E03D202C9DFE0071EDCC /* UITextField+fixCaretPosition.swift in Sources */,
				6FB7A70F203F2438001D0183 /* eventsRow.swift in Sources */,
				6FF5E039202C9DFE0071EDCC /* ChangePasswordViewController.swift in Sources */,
				6F5205102034912400167CEA /* StoryCollectionViewCell.swift in Sources */,
				6FF5E03C202C9DFE0071EDCC /* InitialViewController.swift in Sources */,
				6F69CA2F203EF325007CCDA6 /* Switcher.swift in Sources */,
				6FF5E041202C9DFE0071EDCC /* CrossDissolveAnimation.swift in Sources */,
				6FF5E036202C9DFE0071EDCC /* KeyboardMover.swift in Sources */,
				6FF5E033202C9DFE0071EDCC /* Responses.swift in Sources */,
				6FF5E038202C9DFE0071EDCC /* LoginCoordinator.swift in Sources */,
				6F69CA21203DBE6B007CCDA6 /* Animals.swift in Sources */,
				6FB7A711203F24A5001D0183 /* Continents.swift in Sources */,
				6F0EAF622031B6CF00FA1CBB /* ProfileTableViewController.swift in Sources */,
				6FF5E04B202C9EA70071EDCC /* appTools.swift in Sources */,
				6FF5E037202C9DFE0071EDCC /* BackgroundMover.swift in Sources */,
				6F69CA2D203EED0E007CCDA6 /* DetailStoryViewController.swift in Sources */,
				6F0EAF5C2031B66100FA1CBB /* KYButton.swift in Sources */,
				6FF5DFFC202C9DB70071EDCC /* LoginViewController.swift in Sources */,
				6FB7A70D203F23B9001D0183 /* exhibitionRow.swift in Sources */,
				6FF5E03E202C9DFE0071EDCC /* ValidatorService.swift in Sources */,
				6FB7A713203F2B81001D0183 /* exhibitionCollectionCell.swift in Sources */,
				6FE2CB96203D875D00437100 /* AnimalListViewController.swift in Sources */,
				6F0EAF5A2031B66100FA1CBB /* ButtonLayer.swift in Sources */,
				6F69CA23203DBE76007CCDA6 /* Elements.swift in Sources */,
				6F0EAF592031B66100FA1CBB /* KYButtonCells.swift in Sources */,
				6FE2CB93203CAE4C00437100 /* continentsCollectionCell.swift in Sources */,
				6F0EAF5B2031B66100FA1CBB /* KYButtonDelegate.swift in Sources */,
				6F0EAF602031B6AE00FA1CBB /* TableViewCell.swift in Sources */,
				6F0EAF642031E49000FA1CBB /* Stories.swift in Sources */,
				6FF5E04C202C9EA70071EDCC /* MiLoginCoordinator.swift in Sources */,
				6FF5E03B202C9DFE0071EDCC /* PasswordViewController.swift in Sources */,
				6F52050D203490E700167CEA /* StoryCollectionViewController.swift in Sources */,
				6FF5E034202C9DFE0071EDCC /* GradientImageView.swift in Sources */,
				6F0EAF5E2031B67700FA1CBB /* ScrollingFollowView.swift in Sources */,
				6FF5E044202C9DFE0071EDCC /* SkyFloatingLabelTextFieldWithIcon.swift in Sources */,
				6FF5E03F202C9DFE0071EDCC /* SingupViewController.swift in Sources */,
				6F0EAF572031B66100FA1CBB /* UIColorExtension.swift in Sources */,
				6FF5E042202C9DFE0071EDCC /* UIViewController+Nib.swift in Sources */,
				6FF5E03A202C9DFE0071EDCC /* Buttn.swift in Sources */,
				6FF5E043202C9DFE0071EDCC /* FacebookService.swift in Sources */,
				6FF5E032202C9DFE0071EDCC /* Requests.swift in Sources */,
				6FF5DFFA202C9DB70071EDCC /* AppDelegate.swift in Sources */,
				6FF5E035202C9DFE0071EDCC /* SkyFloatingLabelTextField.swift in Sources */,
				6FF5E031202C9DFE0071EDCC /* User.swift in Sources */,
			);
			runOnlyForDeploymentPostprocessing = 0;
		};
/* End PBXSourcesBuildPhase section */

/* Begin PBXVariantGroup section */
		6FF5DFFD202C9DB70071EDCC /* Main.storyboard */ = {
			isa = PBXVariantGroup;
			children = (
				6FF5DFFE202C9DB70071EDCC /* Base */,
			);
			name = Main.storyboard;
			sourceTree = "<group>";
		};
		6FF5E002202C9DB70071EDCC /* LaunchScreen.storyboard */ = {
			isa = PBXVariantGroup;
			children = (
				6FF5E003202C9DB70071EDCC /* Base */,
			);
			name = LaunchScreen.storyboard;
			sourceTree = "<group>";
		};
/* End PBXVariantGroup section */

/* Begin XCBuildConfiguration section */
		6FF5E006202C9DB70071EDCC /* Debug */ = {
			isa = XCBuildConfiguration;
			buildSettings = {
				ALWAYS_SEARCH_USER_PATHS = NO;
				CLANG_ANALYZER_NONNULL = YES;
				CLANG_ANALYZER_NUMBER_OBJECT_CONVERSION = YES_AGGRESSIVE;
				CLANG_CXX_LANGUAGE_STANDARD = "gnu++14";
				CLANG_CXX_LIBRARY = "libc++";
				CLANG_ENABLE_MODULES = YES;
				CLANG_ENABLE_OBJC_ARC = YES;
				CLANG_WARN_BLOCK_CAPTURE_AUTORELEASING = YES;
				CLANG_WARN_BOOL_CONVERSION = YES;
				CLANG_WARN_COMMA = YES;
				CLANG_WARN_CONSTANT_CONVERSION = YES;
				CLANG_WARN_DIRECT_OBJC_ISA_USAGE = YES_ERROR;
				CLANG_WARN_DOCUMENTATION_COMMENTS = YES;
				CLANG_WARN_EMPTY_BODY = YES;
				CLANG_WARN_ENUM_CONVERSION = YES;
				CLANG_WARN_INFINITE_RECURSION = YES;
				CLANG_WARN_INT_CONVERSION = YES;
				CLANG_WARN_NON_LITERAL_NULL_CONVERSION = YES;
				CLANG_WARN_OBJC_LITERAL_CONVERSION = YES;
				CLANG_WARN_OBJC_ROOT_CLASS = YES_ERROR;
				CLANG_WARN_RANGE_LOOP_ANALYSIS = YES;
				CLANG_WARN_STRICT_PROTOTYPES = YES;
				CLANG_WARN_SUSPICIOUS_MOVE = YES;
				CLANG_WARN_UNGUARDED_AVAILABILITY = YES_AGGRESSIVE;
				CLANG_WARN_UNREACHABLE_CODE = YES;
				CLANG_WARN__DUPLICATE_METHOD_MATCH = YES;
				CODE_SIGN_IDENTITY = "iPhone Developer";
				COPY_PHASE_STRIP = NO;
				DEBUG_INFORMATION_FORMAT = dwarf;
				ENABLE_STRICT_OBJC_MSGSEND = YES;
				ENABLE_TESTABILITY = YES;
				GCC_C_LANGUAGE_STANDARD = gnu11;
				GCC_DYNAMIC_NO_PIC = NO;
				GCC_NO_COMMON_BLOCKS = YES;
				GCC_OPTIMIZATION_LEVEL = 0;
				GCC_PREPROCESSOR_DEFINITIONS = (
					"DEBUG=1",
					"$(inherited)",
				);
				GCC_WARN_64_TO_32_BIT_CONVERSION = YES;
				GCC_WARN_ABOUT_RETURN_TYPE = YES_ERROR;
				GCC_WARN_UNDECLARED_SELECTOR = YES;
				GCC_WARN_UNINITIALIZED_AUTOS = YES_AGGRESSIVE;
				GCC_WARN_UNUSED_FUNCTION = YES;
				GCC_WARN_UNUSED_VARIABLE = YES;
				IPHONEOS_DEPLOYMENT_TARGET = 11.2;
				MTL_ENABLE_DEBUG_INFO = YES;
				ONLY_ACTIVE_ARCH = YES;
				SDKROOT = iphoneos;
				SWIFT_ACTIVE_COMPILATION_CONDITIONS = DEBUG;
				SWIFT_OPTIMIZATION_LEVEL = "-Onone";
			};
			name = Debug;
		};
		6FF5E007202C9DB70071EDCC /* Release */ = {
			isa = XCBuildConfiguration;
			buildSettings = {
				ALWAYS_SEARCH_USER_PATHS = NO;
				CLANG_ANALYZER_NONNULL = YES;
				CLANG_ANALYZER_NUMBER_OBJECT_CONVERSION = YES_AGGRESSIVE;
				CLANG_CXX_LANGUAGE_STANDARD = "gnu++14";
				CLANG_CXX_LIBRARY = "libc++";
				CLANG_ENABLE_MODULES = YES;
				CLANG_ENABLE_OBJC_ARC = YES;
				CLANG_WARN_BLOCK_CAPTURE_AUTORELEASING = YES;
				CLANG_WARN_BOOL_CONVERSION = YES;
				CLANG_WARN_COMMA = YES;
				CLANG_WARN_CONSTANT_CONVERSION = YES;
				CLANG_WARN_DIRECT_OBJC_ISA_USAGE = YES_ERROR;
				CLANG_WARN_DOCUMENTATION_COMMENTS = YES;
				CLANG_WARN_EMPTY_BODY = YES;
				CLANG_WARN_ENUM_CONVERSION = YES;
				CLANG_WARN_INFINITE_RECURSION = YES;
				CLANG_WARN_INT_CONVERSION = YES;
				CLANG_WARN_NON_LITERAL_NULL_CONVERSION = YES;
				CLANG_WARN_OBJC_LITERAL_CONVERSION = YES;
				CLANG_WARN_OBJC_ROOT_CLASS = YES_ERROR;
				CLANG_WARN_RANGE_LOOP_ANALYSIS = YES;
				CLANG_WARN_STRICT_PROTOTYPES = YES;
				CLANG_WARN_SUSPICIOUS_MOVE = YES;
				CLANG_WARN_UNGUARDED_AVAILABILITY = YES_AGGRESSIVE;
				CLANG_WARN_UNREACHABLE_CODE = YES;
				CLANG_WARN__DUPLICATE_METHOD_MATCH = YES;
				CODE_SIGN_IDENTITY = "iPhone Developer";
				COPY_PHASE_STRIP = NO;
				DEBUG_INFORMATION_FORMAT = "dwarf-with-dsym";
				ENABLE_NS_ASSERTIONS = NO;
				ENABLE_STRICT_OBJC_MSGSEND = YES;
				GCC_C_LANGUAGE_STANDARD = gnu11;
				GCC_NO_COMMON_BLOCKS = YES;
				GCC_WARN_64_TO_32_BIT_CONVERSION = YES;
				GCC_WARN_ABOUT_RETURN_TYPE = YES_ERROR;
				GCC_WARN_UNDECLARED_SELECTOR = YES;
				GCC_WARN_UNINITIALIZED_AUTOS = YES_AGGRESSIVE;
				GCC_WARN_UNUSED_FUNCTION = YES;
				GCC_WARN_UNUSED_VARIABLE = YES;
				IPHONEOS_DEPLOYMENT_TARGET = 11.2;
				MTL_ENABLE_DEBUG_INFO = NO;
				SDKROOT = iphoneos;
				SWIFT_OPTIMIZATION_LEVEL = "-Owholemodule";
				VALIDATE_PRODUCT = YES;
			};
			name = Release;
		};
		6FF5E009202C9DB70071EDCC /* Debug */ = {
			isa = XCBuildConfiguration;
			baseConfigurationReference = CF5022227C5C36524736B8CF /* Pods-renovacionARZoo.debug.xcconfig */;
			buildSettings = {
				ASSETCATALOG_COMPILER_APPICON_NAME = AppIcon;
				CODE_SIGN_STYLE = Automatic;
				DEVELOPMENT_TEAM = 383757AD8G;
				INFOPLIST_FILE = renovacionARZoo/Info.plist;
				LD_RUNPATH_SEARCH_PATHS = "$(inherited) @executable_path/Frameworks";
				PRODUCT_BUNDLE_IDENTIFIER = cev.com.renovacionARZoo;
				PRODUCT_NAME = "$(TARGET_NAME)";
				SWIFT_VERSION = 4.0;
				TARGETED_DEVICE_FAMILY = "1,2";
			};
			name = Debug;
		};
		6FF5E00A202C9DB70071EDCC /* Release */ = {
			isa = XCBuildConfiguration;
			baseConfigurationReference = 64BBC777931664F71D4F4B6D /* Pods-renovacionARZoo.release.xcconfig */;
			buildSettings = {
				ASSETCATALOG_COMPILER_APPICON_NAME = AppIcon;
				CODE_SIGN_STYLE = Automatic;
				DEVELOPMENT_TEAM = 383757AD8G;
				INFOPLIST_FILE = renovacionARZoo/Info.plist;
				LD_RUNPATH_SEARCH_PATHS = "$(inherited) @executable_path/Frameworks";
				PRODUCT_BUNDLE_IDENTIFIER = cev.com.renovacionARZoo;
				PRODUCT_NAME = "$(TARGET_NAME)";
				SWIFT_VERSION = 4.0;
				TARGETED_DEVICE_FAMILY = "1,2";
			};
			name = Release;
		};
/* End XCBuildConfiguration section */

/* Begin XCConfigurationList section */
		6FF5DFF1202C9DB70071EDCC /* Build configuration list for PBXProject "renovacionARZoo" */ = {
			isa = XCConfigurationList;
			buildConfigurations = (
				6FF5E006202C9DB70071EDCC /* Debug */,
				6FF5E007202C9DB70071EDCC /* Release */,
			);
			defaultConfigurationIsVisible = 0;
			defaultConfigurationName = Release;
		};
		6FF5E008202C9DB70071EDCC /* Build configuration list for PBXNativeTarget "renovacionARZoo" */ = {
			isa = XCConfigurationList;
			buildConfigurations = (
				6FF5E009202C9DB70071EDCC /* Debug */,
				6FF5E00A202C9DB70071EDCC /* Release */,
			);
			defaultConfigurationIsVisible = 0;
			defaultConfigurationName = Release;
		};
/* End XCConfigurationList section */
	};
	rootObject = 6FF5DFEE202C9DB70071EDCC /* Project object */;
}
