// !$*UTF8*$!
{
	archiveVersion = 1;
	classes = {
	};
	objectVersion = 48;
	objects = {

/* Begin PBXBuildFile section */
		6FF5DFFA202C9DB70071EDCC /* AppDelegate.swift in Sources */ = {isa = PBXBuildFile; fileRef = 6FF5DFF9202C9DB70071EDCC /* AppDelegate.swift */; };
		6FF5DFFC202C9DB70071EDCC /* ViewController.swift in Sources */ = {isa = PBXBuildFile; fileRef = 6FF5DFFB202C9DB70071EDCC /* ViewController.swift */; };
		6FF5DFFF202C9DB70071EDCC /* Main.storyboard in Resources */ = {isa = PBXBuildFile; fileRef = 6FF5DFFD202C9DB70071EDCC /* Main.storyboard */; };
		6FF5E001202C9DB70071EDCC /* Assets.xcassets in Resources */ = {isa = PBXBuildFile; fileRef = 6FF5E000202C9DB70071EDCC /* Assets.xcassets */; };
		6FF5E004202C9DB70071EDCC /* LaunchScreen.storyboard in Resources */ = {isa = PBXBuildFile; fileRef = 6FF5E002202C9DB70071EDCC /* LaunchScreen.storyboard */; };
/* End PBXBuildFile section */

/* Begin PBXFileReference section */
		6FF5DFF6202C9DB70071EDCC /* renovacionARZoo.app */ = {isa = PBXFileReference; explicitFileType = wrapper.application; includeInIndex = 0; path = renovacionARZoo.app; sourceTree = BUILT_PRODUCTS_DIR; };
		6FF5DFF9202C9DB70071EDCC /* AppDelegate.swift */ = {isa = PBXFileReference; lastKnownFileType = sourcecode.swift; path = AppDelegate.swift; sourceTree = "<group>"; };
		6FF5DFFB202C9DB70071EDCC /* ViewController.swift */ = {isa = PBXFileReference; lastKnownFileType = sourcecode.swift; path = ViewController.swift; sourceTree = "<group>"; };
		6FF5DFFE202C9DB70071EDCC /* Base */ = {isa = PBXFileReference; lastKnownFileType = file.storyboard; name = Base; path = Base.lproj/Main.storyboard; sourceTree = "<group>"; };
		6FF5E000202C9DB70071EDCC /* Assets.xcassets */ = {isa = PBXFileReference; lastKnownFileType = folder.assetcatalog; path = Assets.xcassets; sourceTree = "<group>"; };
		6FF5E003202C9DB70071EDCC /* Base */ = {isa = PBXFileReference; lastKnownFileType = file.storyboard; name = Base; path = Base.lproj/LaunchScreen.storyboard; sourceTree = "<group>"; };
		6FF5E005202C9DB70071EDCC /* Info.plist */ = {isa = PBXFileReference; lastKnownFileType = text.plist.xml; path = Info.plist; sourceTree = "<group>"; };
/* End PBXFileReference section */

/* Begin PBXFrameworksBuildPhase section */
		6FF5DFF3202C9DB70071EDCC /* Frameworks */ = {
			isa = PBXFrameworksBuildPhase;
			buildActionMask = 2147483647;
			files = (
			);
			runOnlyForDeploymentPostprocessing = 0;
		};
/* End PBXFrameworksBuildPhase section */

/* Begin PBXGroup section */
		6FF5DFED202C9DB70071EDCC = {
			isa = PBXGroup;
			children = (
				6FF5DFF8202C9DB70071EDCC /* renovacionARZoo */,
				6FF5DFF7202C9DB70071EDCC /* Products */,
			);
			sourceTree = "<group>";
		};
		6FF5DFF7202C9DB70071EDCC /* Products */ = {
			isa = PBXGroup;
			children = (
				6FF5DFF6202C9DB70071EDCC /* renovacionARZoo.app */,
			);
			name = Products;
			sourceTree = "<group>";
		};
		6FF5DFF8202C9DB70071EDCC /* renovacionARZoo */ = {
			isa = PBXGroup;
			children = (
				6FF5DFF9202C9DB70071EDCC /* AppDelegate.swift */,
				6FF5DFFB202C9DB70071EDCC /* ViewController.swift */,
				6FF5DFFD202C9DB70071EDCC /* Main.storyboard */,
				6FF5E000202C9DB70071EDCC /* Assets.xcassets */,
				6FF5E002202C9DB70071EDCC /* LaunchScreen.storyboard */,
				6FF5E005202C9DB70071EDCC /* Info.plist */,
			);
			path = renovacionARZoo;
			sourceTree = "<group>";
		};
/* End PBXGroup section */

/* Begin PBXNativeTarget section */
		6FF5DFF5202C9DB70071EDCC /* renovacionARZoo */ = {
			isa = PBXNativeTarget;
			buildConfigurationList = 6FF5E008202C9DB70071EDCC /* Build configuration list for PBXNativeTarget "renovacionARZoo" */;
			buildPhases = (
				6FF5DFF2202C9DB70071EDCC /* Sources */,
				6FF5DFF3202C9DB70071EDCC /* Frameworks */,
				6FF5DFF4202C9DB70071EDCC /* Resources */,
			);
			buildRules = (
			);
			dependencies = (
			);
			name = renovacionARZoo;
			productName = renovacionARZoo;
			productReference = 6FF5DFF6202C9DB70071EDCC /* renovacionARZoo.app */;
			productType = "com.apple.product-type.application";
		};
/* End PBXNativeTarget section */

/* Begin PBXProject section */
		6FF5DFEE202C9DB70071EDCC /* Project object */ = {
			isa = PBXProject;
			attributes = {
				LastSwiftUpdateCheck = 0920;
				LastUpgradeCheck = 0920;
				ORGANIZATIONNAME = Kike;
				TargetAttributes = {
					6FF5DFF5202C9DB70071EDCC = {
						CreatedOnToolsVersion = 9.2;
						ProvisioningStyle = Automatic;
					};
				};
			};
			buildConfigurationList = 6FF5DFF1202C9DB70071EDCC /* Build configuration list for PBXProject "renovacionARZoo" */;
			compatibilityVersion = "Xcode 8.0";
			developmentRegion = en;
			hasScannedForEncodings = 0;
			knownRegions = (
				en,
				Base,
			);
			mainGroup = 6FF5DFED202C9DB70071EDCC;
			productRefGroup = 6FF5DFF7202C9DB70071EDCC /* Products */;
			projectDirPath = "";
			projectRoot = "";
			targets = (
				6FF5DFF5202C9DB70071EDCC /* renovacionARZoo */,
			);
		};
/* End PBXProject section */

/* Begin PBXResourcesBuildPhase section */
		6FF5DFF4202C9DB70071EDCC /* Resources */ = {
			isa = PBXResourcesBuildPhase;
			buildActionMask = 2147483647;
			files = (
				6FF5E004202C9DB70071EDCC /* LaunchScreen.storyboard in Resources */,
				6FF5E001202C9DB70071EDCC /* Assets.xcassets in Resources */,
				6FF5DFFF202C9DB70071EDCC /* Main.storyboard in Resources */,
			);
			runOnlyForDeploymentPostprocessing = 0;
		};
/* End PBXResourcesBuildPhase section */

/* Begin PBXSourcesBuildPhase section */
		6FF5DFF2202C9DB70071EDCC /* Sources */ = {
			isa = PBXSourcesBuildPhase;
			buildActionMask = 2147483647;
			files = (
				6FF5DFFC202C9DB70071EDCC /* ViewController.swift in Sources */,
				6FF5DFFA202C9DB70071EDCC /* AppDelegate.swift in Sources */,
			);
			runOnlyForDeploymentPostprocessing = 0;
		};
/* End PBXSourcesBuildPhase section */

/* Begin PBXVariantGroup section */
		6FF5DFFD202C9DB70071EDCC /* Main.storyboard */ = {
			isa = PBXVariantGroup;
			children = (
				6FF5DFFE202C9DB70071EDCC /* Base */,
			);
			name = Main.storyboard;
			sourceTree = "<group>";
		};
		6FF5E002202C9DB70071EDCC /* LaunchScreen.storyboard */ = {
			isa = PBXVariantGroup;
			children = (
				6FF5E003202C9DB70071EDCC /* Base */,
			);
			name = LaunchScreen.storyboard;
			sourceTree = "<group>";
		};
/* End PBXVariantGroup section */

/* Begin XCBuildConfiguration section */
		6FF5E006202C9DB70071EDCC /* Debug */ = {
			isa = XCBuildConfiguration;
			buildSettings = {
				ALWAYS_SEARCH_USER_PATHS = NO;
				CLANG_ANALYZER_NONNULL = YES;
				CLANG_ANALYZER_NUMBER_OBJECT_CONVERSION = YES_AGGRESSIVE;
				CLANG_CXX_LANGUAGE_STANDARD = "gnu++14";
				CLANG_CXX_LIBRARY = "libc++";
				CLANG_ENABLE_MODULES = YES;
				CLANG_ENABLE_OBJC_ARC = YES;
				CLANG_WARN_BLOCK_CAPTURE_AUTORELEASING = YES;
				CLANG_WARN_BOOL_CONVERSION = YES;
				CLANG_WARN_COMMA = YES;
				CLANG_WARN_CONSTANT_CONVERSION = YES;
				CLANG_WARN_DIRECT_OBJC_ISA_USAGE = YES_ERROR;
				CLANG_WARN_DOCUMENTATION_COMMENTS = YES;
				CLANG_WARN_EMPTY_BODY = YES;
				CLANG_WARN_ENUM_CONVERSION = YES;
				CLANG_WARN_INFINITE_RECURSION = YES;
				CLANG_WARN_INT_CONVERSION = YES;
				CLANG_WARN_NON_LITERAL_NULL_CONVERSION = YES;
				CLANG_WARN_OBJC_LITERAL_CONVERSION = YES;
				CLANG_WARN_OBJC_ROOT_CLASS = YES_ERROR;
				CLANG_WARN_RANGE_LOOP_ANALYSIS = YES;
				CLANG_WARN_STRICT_PROTOTYPES = YES;
				CLANG_WARN_SUSPICIOUS_MOVE = YES;
				CLANG_WARN_UNGUARDED_AVAILABILITY = YES_AGGRESSIVE;
				CLANG_WARN_UNREACHABLE_CODE = YES;
				CLANG_WARN__DUPLICATE_METHOD_MATCH = YES;
				CODE_SIGN_IDENTITY = "iPhone Developer";
				COPY_PHASE_STRIP = NO;
				DEBUG_INFORMATION_FORMAT = dwarf;
				ENABLE_STRICT_OBJC_MSGSEND = YES;
				ENABLE_TESTABILITY = YES;
				GCC_C_LANGUAGE_STANDARD = gnu11;
				GCC_DYNAMIC_NO_PIC = NO;
				GCC_NO_COMMON_BLOCKS = YES;
				GCC_OPTIMIZATION_LEVEL = 0;
				GCC_PREPROCESSOR_DEFINITIONS = (
					"DEBUG=1",
					"$(inherited)",
				);
				GCC_WARN_64_TO_32_BIT_CONVERSION = YES;
				GCC_WARN_ABOUT_RETURN_TYPE = YES_ERROR;
				GCC_WARN_UNDECLARED_SELECTOR = YES;
				GCC_WARN_UNINITIALIZED_AUTOS = YES_AGGRESSIVE;
				GCC_WARN_UNUSED_FUNCTION = YES;
				GCC_WARN_UNUSED_VARIABLE = YES;
				IPHONEOS_DEPLOYMENT_TARGET = 11.2;
				MTL_ENABLE_DEBUG_INFO = YES;
				ONLY_ACTIVE_ARCH = YES;
				SDKROOT = iphoneos;
				SWIFT_ACTIVE_COMPILATION_CONDITIONS = DEBUG;
				SWIFT_OPTIMIZATION_LEVEL = "-Onone";
			};
			name = Debug;
		};
		6FF5E007202C9DB70071EDCC /* Release */ = {
			isa = XCBuildConfiguration;
			buildSettings = {
				ALWAYS_SEARCH_USER_PATHS = NO;
				CLANG_ANALYZER_NONNULL = YES;
				CLANG_ANALYZER_NUMBER_OBJECT_CONVERSION = YES_AGGRESSIVE;
				CLANG_CXX_LANGUAGE_STANDARD = "gnu++14";
				CLANG_CXX_LIBRARY = "libc++";
				CLANG_ENABLE_MODULES = YES;
				CLANG_ENABLE_OBJC_ARC = YES;
				CLANG_WARN_BLOCK_CAPTURE_AUTORELEASING = YES;
				CLANG_WARN_BOOL_CONVERSION = YES;
				CLANG_WARN_COMMA = YES;
				CLANG_WARN_CONSTANT_CONVERSION = YES;
				CLANG_WARN_DIRECT_OBJC_ISA_USAGE = YES_ERROR;
				CLANG_WARN_DOCUMENTATION_COMMENTS = YES;
				CLANG_WARN_EMPTY_BODY = YES;
				CLANG_WARN_ENUM_CONVERSION = YES;
				CLANG_WARN_INFINITE_RECURSION = YES;
				CLANG_WARN_INT_CONVERSION = YES;
				CLANG_WARN_NON_LITERAL_NULL_CONVERSION = YES;
				CLANG_WARN_OBJC_LITERAL_CONVERSION = YES;
				CLANG_WARN_OBJC_ROOT_CLASS = YES_ERROR;
				CLANG_WARN_RANGE_LOOP_ANALYSIS = YES;
				CLANG_WARN_STRICT_PROTOTYPES = YES;
				CLANG_WARN_SUSPICIOUS_MOVE = YES;
				CLANG_WARN_UNGUARDED_AVAILABILITY = YES_AGGRESSIVE;
				CLANG_WARN_UNREACHABLE_CODE = YES;
				CLANG_WARN__DUPLICATE_METHOD_MATCH = YES;
				CODE_SIGN_IDENTITY = "iPhone Developer";
				COPY_PHASE_STRIP = NO;
				DEBUG_INFORMATION_FORMAT = "dwarf-with-dsym";
				ENABLE_NS_ASSERTIONS = NO;
				ENABLE_STRICT_OBJC_MSGSEND = YES;
				GCC_C_LANGUAGE_STANDARD = gnu11;
				GCC_NO_COMMON_BLOCKS = YES;
				GCC_WARN_64_TO_32_BIT_CONVERSION = YES;
				GCC_WARN_ABOUT_RETURN_TYPE = YES_ERROR;
				GCC_WARN_UNDECLARED_SELECTOR = YES;
				GCC_WARN_UNINITIALIZED_AUTOS = YES_AGGRESSIVE;
				GCC_WARN_UNUSED_FUNCTION = YES;
				GCC_WARN_UNUSED_VARIABLE = YES;
				IPHONEOS_DEPLOYMENT_TARGET = 11.2;
				MTL_ENABLE_DEBUG_INFO = NO;
				SDKROOT = iphoneos;
				SWIFT_OPTIMIZATION_LEVEL = "-Owholemodule";
				VALIDATE_PRODUCT = YES;
			};
			name = Release;
		};
		6FF5E009202C9DB70071EDCC /* Debug */ = {
			isa = XCBuildConfiguration;
			buildSettings = {
				ASSETCATALOG_COMPILER_APPICON_NAME = AppIcon;
				CODE_SIGN_STYLE = Automatic;
				DEVELOPMENT_TEAM = 383757AD8G;
				INFOPLIST_FILE = renovacionARZoo/Info.plist;
				LD_RUNPATH_SEARCH_PATHS = "$(inherited) @executable_path/Frameworks";
				PRODUCT_BUNDLE_IDENTIFIER = cev.com.renovacionARZoo;
				PRODUCT_NAME = "$(TARGET_NAME)";
				SWIFT_VERSION = 4.0;
				TARGETED_DEVICE_FAMILY = "1,2";
			};
			name = Debug;
		};
		6FF5E00A202C9DB70071EDCC /* Release */ = {
			isa = XCBuildConfiguration;
			buildSettings = {
				ASSETCATALOG_COMPILER_APPICON_NAME = AppIcon;
				CODE_SIGN_STYLE = Automatic;
				DEVELOPMENT_TEAM = 383757AD8G;
				INFOPLIST_FILE = renovacionARZoo/Info.plist;
				LD_RUNPATH_SEARCH_PATHS = "$(inherited) @executable_path/Frameworks";
				PRODUCT_BUNDLE_IDENTIFIER = cev.com.renovacionARZoo;
				PRODUCT_NAME = "$(TARGET_NAME)";
				SWIFT_VERSION = 4.0;
				TARGETED_DEVICE_FAMILY = "1,2";
			};
			name = Release;
		};
/* End XCBuildConfiguration section */

/* Begin XCConfigurationList section */
		6FF5DFF1202C9DB70071EDCC /* Build configuration list for PBXProject "renovacionARZoo" */ = {
			isa = XCConfigurationList;
			buildConfigurations = (
				6FF5E006202C9DB70071EDCC /* Debug */,
				6FF5E007202C9DB70071EDCC /* Release */,
			);
			defaultConfigurationIsVisible = 0;
			defaultConfigurationName = Release;
		};
		6FF5E008202C9DB70071EDCC /* Build configuration list for PBXNativeTarget "renovacionARZoo" */ = {
			isa = XCConfigurationList;
			buildConfigurations = (
				6FF5E009202C9DB70071EDCC /* Debug */,
				6FF5E00A202C9DB70071EDCC /* Release */,
			);
			defaultConfigurationIsVisible = 0;
			defaultConfigurationName = Release;
		};
/* End XCConfigurationList section */
	};
	rootObject = 6FF5DFEE202C9DB70071EDCC /* Project object */;
}
